// !$*UTF8*$!
{
	archiveVersion = 1;
	classes = {
	};
	objectVersion = 56;
	objects = {

/* Begin PBXBuildFile section */
		711F7F6C29F7D0420015A16C /* TabBarRouter.swift in Sources */ = {isa = PBXBuildFile; fileRef = 711F7F6B29F7D0420015A16C /* TabBarRouter.swift */; };
		711F7F9629F7E5800015A16C /* PlaceholderSceneToDeletePresenter.swift in Sources */ = {isa = PBXBuildFile; fileRef = 711F7F8A29F7E5800015A16C /* PlaceholderSceneToDeletePresenter.swift */; };
		711F7F9729F7E5800015A16C /* PlaceholderSceneToDeleteRouterContract.swift in Sources */ = {isa = PBXBuildFile; fileRef = 711F7F8B29F7E5800015A16C /* PlaceholderSceneToDeleteRouterContract.swift */; };
		711F7F9829F7E5800015A16C /* PlaceholderSceneToDeleteRouter.swift in Sources */ = {isa = PBXBuildFile; fileRef = 711F7F8C29F7E5800015A16C /* PlaceholderSceneToDeleteRouter.swift */; };
		711F7F9929F7E5800015A16C /* PlaceholderSceneToDeleteViewController.swift in Sources */ = {isa = PBXBuildFile; fileRef = 711F7F8D29F7E5800015A16C /* PlaceholderSceneToDeleteViewController.swift */; };
		711F7F9A29F7E5810015A16C /* PlaceholderSceneToDeleteInteractor.swift in Sources */ = {isa = PBXBuildFile; fileRef = 711F7F8E29F7E5800015A16C /* PlaceholderSceneToDeleteInteractor.swift */; };
		711F7F9B29F7E5810015A16C /* PlaceholderSceneToDeleteInteractorService.swift in Sources */ = {isa = PBXBuildFile; fileRef = 711F7F8F29F7E5800015A16C /* PlaceholderSceneToDeleteInteractorService.swift */; };
		711F7F9C29F7E5810015A16C /* PlaceholderSceneToDeleteInteractorContract.swift in Sources */ = {isa = PBXBuildFile; fileRef = 711F7F9029F7E5800015A16C /* PlaceholderSceneToDeleteInteractorContract.swift */; };
		711F7F9D29F7E5810015A16C /* PlaceholderSceneToDeleteViewModel.swift in Sources */ = {isa = PBXBuildFile; fileRef = 711F7F9129F7E5800015A16C /* PlaceholderSceneToDeleteViewModel.swift */; };
		711F7F9E29F7E5810015A16C /* PlaceholderSceneToDeleteViewController.xib in Resources */ = {isa = PBXBuildFile; fileRef = 711F7F9229F7E5800015A16C /* PlaceholderSceneToDeleteViewController.xib */; };
		711F7F9F29F7E5810015A16C /* PlaceholderSceneToDeleteViewControllerContract.swift in Sources */ = {isa = PBXBuildFile; fileRef = 711F7F9329F7E5800015A16C /* PlaceholderSceneToDeleteViewControllerContract.swift */; };
		711F7FA029F7E5810015A16C /* PlaceholderSceneToDeletePresenterContract.swift in Sources */ = {isa = PBXBuildFile; fileRef = 711F7F9429F7E5800015A16C /* PlaceholderSceneToDeletePresenterContract.swift */; };
		711F7FA129F7E5810015A16C /* PlaceholderSceneToDeletePresenterService.swift in Sources */ = {isa = PBXBuildFile; fileRef = 711F7F9529F7E5800015A16C /* PlaceholderSceneToDeletePresenterService.swift */; };
		711F7FAF29F7E7CB0015A16C /* MainScenePresenter.swift in Sources */ = {isa = PBXBuildFile; fileRef = 711F7FA329F7E7CB0015A16C /* MainScenePresenter.swift */; };
		711F7FB029F7E7CB0015A16C /* MainSceneRouterContract.swift in Sources */ = {isa = PBXBuildFile; fileRef = 711F7FA429F7E7CB0015A16C /* MainSceneRouterContract.swift */; };
		711F7FB129F7E7CB0015A16C /* MainSceneRouter.swift in Sources */ = {isa = PBXBuildFile; fileRef = 711F7FA529F7E7CB0015A16C /* MainSceneRouter.swift */; };
		711F7FB229F7E7CB0015A16C /* MainSceneViewController.swift in Sources */ = {isa = PBXBuildFile; fileRef = 711F7FA629F7E7CB0015A16C /* MainSceneViewController.swift */; };
		711F7FB329F7E7CB0015A16C /* MainSceneInteractor.swift in Sources */ = {isa = PBXBuildFile; fileRef = 711F7FA729F7E7CB0015A16C /* MainSceneInteractor.swift */; };
		711F7FB429F7E7CB0015A16C /* MainSceneInteractorService.swift in Sources */ = {isa = PBXBuildFile; fileRef = 711F7FA829F7E7CB0015A16C /* MainSceneInteractorService.swift */; };
		711F7FB529F7E7CB0015A16C /* MainSceneInteractorContract.swift in Sources */ = {isa = PBXBuildFile; fileRef = 711F7FA929F7E7CB0015A16C /* MainSceneInteractorContract.swift */; };
		711F7FB629F7E7CB0015A16C /* MainSceneViewModel.swift in Sources */ = {isa = PBXBuildFile; fileRef = 711F7FAA29F7E7CB0015A16C /* MainSceneViewModel.swift */; };
		711F7FB729F7E7CB0015A16C /* MainSceneViewController.xib in Resources */ = {isa = PBXBuildFile; fileRef = 711F7FAB29F7E7CB0015A16C /* MainSceneViewController.xib */; };
		711F7FB829F7E7CB0015A16C /* MainSceneViewControllerContract.swift in Sources */ = {isa = PBXBuildFile; fileRef = 711F7FAC29F7E7CB0015A16C /* MainSceneViewControllerContract.swift */; };
		711F7FB929F7E7CB0015A16C /* MainScenePresenterContract.swift in Sources */ = {isa = PBXBuildFile; fileRef = 711F7FAD29F7E7CB0015A16C /* MainScenePresenterContract.swift */; };
		711F7FBA29F7E7CB0015A16C /* MainScenePresenterService.swift in Sources */ = {isa = PBXBuildFile; fileRef = 711F7FAE29F7E7CB0015A16C /* MainScenePresenterService.swift */; };
		7138E5B329F8C90C000C4F3A /* CaptureViewType.swift in Sources */ = {isa = PBXBuildFile; fileRef = 7138E5B229F8C90C000C4F3A /* CaptureViewType.swift */; };
		7138E5B529F8C929000C4F3A /* CaptureView.swift in Sources */ = {isa = PBXBuildFile; fileRef = 7138E5B429F8C929000C4F3A /* CaptureView.swift */; };
		7138E5B729F8C9F4000C4F3A /* CaptureViewModelType.swift in Sources */ = {isa = PBXBuildFile; fileRef = 7138E5B629F8C9F4000C4F3A /* CaptureViewModelType.swift */; };
		7138E5B929F8CA0D000C4F3A /* CaptureViewModel.swift in Sources */ = {isa = PBXBuildFile; fileRef = 7138E5B829F8CA0D000C4F3A /* CaptureViewModel.swift */; };
		7138E5BC29F8CB1F000C4F3A /* Logger.swift in Sources */ = {isa = PBXBuildFile; fileRef = 7138E5BB29F8CB1F000C4F3A /* Logger.swift */; };
		7138E5BE29F8CED3000C4F3A /* AppAILayerResnet50Service.swift in Sources */ = {isa = PBXBuildFile; fileRef = 7138E5BD29F8CED3000C4F3A /* AppAILayerResnet50Service.swift */; };
		7138E5C129F8CFB5000C4F3A /* Resnet50.mlmodel in Sources */ = {isa = PBXBuildFile; fileRef = 7138E5C029F8CFB5000C4F3A /* Resnet50.mlmodel */; };
		7138E5C429F8D87C000C4F3A /* ObjectPredictor.swift in Sources */ = {isa = PBXBuildFile; fileRef = 7138E5C329F8D87C000C4F3A /* ObjectPredictor.swift */; };
		715F7D1429F77E630006B0EC /* AppRouter.swift in Sources */ = {isa = PBXBuildFile; fileRef = 715F7D1329F77E630006B0EC /* AppRouter.swift */; };
		715F7D1729F77FFF0006B0EC /* BaseViewController.swift in Sources */ = {isa = PBXBuildFile; fileRef = 715F7D1629F77FFF0006B0EC /* BaseViewController.swift */; };
		715F7D1929F781070006B0EC /* NibLoadableView.swift in Sources */ = {isa = PBXBuildFile; fileRef = 715F7D1829F781070006B0EC /* NibLoadableView.swift */; };
		715F7D2829F781660006B0EC /* InitialScenePresenter.swift in Sources */ = {isa = PBXBuildFile; fileRef = 715F7D1C29F781660006B0EC /* InitialScenePresenter.swift */; };
		715F7D2929F781660006B0EC /* InitialSceneRouterContract.swift in Sources */ = {isa = PBXBuildFile; fileRef = 715F7D1D29F781660006B0EC /* InitialSceneRouterContract.swift */; };
		715F7D2A29F781660006B0EC /* InitialSceneRouter.swift in Sources */ = {isa = PBXBuildFile; fileRef = 715F7D1E29F781660006B0EC /* InitialSceneRouter.swift */; };
		715F7D2B29F781660006B0EC /* InitialSceneViewController.swift in Sources */ = {isa = PBXBuildFile; fileRef = 715F7D1F29F781660006B0EC /* InitialSceneViewController.swift */; };
		715F7D2C29F781660006B0EC /* InitialSceneInteractor.swift in Sources */ = {isa = PBXBuildFile; fileRef = 715F7D2029F781660006B0EC /* InitialSceneInteractor.swift */; };
		715F7D2D29F781660006B0EC /* InitialSceneInteractorService.swift in Sources */ = {isa = PBXBuildFile; fileRef = 715F7D2129F781660006B0EC /* InitialSceneInteractorService.swift */; };
		715F7D2E29F781660006B0EC /* InitialSceneInteractorContract.swift in Sources */ = {isa = PBXBuildFile; fileRef = 715F7D2229F781660006B0EC /* InitialSceneInteractorContract.swift */; };
		715F7D2F29F781660006B0EC /* InitialSceneViewModel.swift in Sources */ = {isa = PBXBuildFile; fileRef = 715F7D2329F781660006B0EC /* InitialSceneViewModel.swift */; };
		715F7D3029F781660006B0EC /* InitialSceneViewController.xib in Resources */ = {isa = PBXBuildFile; fileRef = 715F7D2429F781660006B0EC /* InitialSceneViewController.xib */; };
		715F7D3129F781660006B0EC /* InitialSceneViewControllerContract.swift in Sources */ = {isa = PBXBuildFile; fileRef = 715F7D2529F781660006B0EC /* InitialSceneViewControllerContract.swift */; };
		715F7D3229F781660006B0EC /* InitialScenePresenterContract.swift in Sources */ = {isa = PBXBuildFile; fileRef = 715F7D2629F781660006B0EC /* InitialScenePresenterContract.swift */; };
		715F7D3329F781660006B0EC /* InitialScenePresenterService.swift in Sources */ = {isa = PBXBuildFile; fileRef = 715F7D2729F781660006B0EC /* InitialScenePresenterService.swift */; };
		715F7D3D29F782FD0006B0EC /* BlurTransitionAnimator.swift in Sources */ = {isa = PBXBuildFile; fileRef = 715F7D3C29F782FD0006B0EC /* BlurTransitionAnimator.swift */; };
		715F7D4029F79C5E0006B0EC /* AppCore.swift in Sources */ = {isa = PBXBuildFile; fileRef = 715F7D3F29F79C5E0006B0EC /* AppCore.swift */; };
		715F7D4229F79CE30006B0EC /* AppCoreContract.swift in Sources */ = {isa = PBXBuildFile; fileRef = 715F7D4129F79CE30006B0EC /* AppCoreContract.swift */; };
		715F7D4829F79DD70006B0EC /* AppDataLayer.swift in Sources */ = {isa = PBXBuildFile; fileRef = 715F7D4729F79DD70006B0EC /* AppDataLayer.swift */; };
		715F7D4A29F79DF10006B0EC /* AppDataLayerType.swift in Sources */ = {isa = PBXBuildFile; fileRef = 715F7D4929F79DF10006B0EC /* AppDataLayerType.swift */; };
		715F7D4C29F79E0D0006B0EC /* AppUILayer.swift in Sources */ = {isa = PBXBuildFile; fileRef = 715F7D4B29F79E0D0006B0EC /* AppUILayer.swift */; };
		715F7D4E29F79E340006B0EC /* AppUILayerType.swift in Sources */ = {isa = PBXBuildFile; fileRef = 715F7D4D29F79E340006B0EC /* AppUILayerType.swift */; };
		715F7D5029F79E5D0006B0EC /* AppAILayer.swift in Sources */ = {isa = PBXBuildFile; fileRef = 715F7D4F29F79E5D0006B0EC /* AppAILayer.swift */; };
		715F7D5229F79E710006B0EC /* AppAILayerType.swift in Sources */ = {isa = PBXBuildFile; fileRef = 715F7D5129F79E710006B0EC /* AppAILayerType.swift */; };
		715F7D5629F79F5A0006B0EC /* AppUILayerStyleServiceType.swift in Sources */ = {isa = PBXBuildFile; fileRef = 715F7D5529F79F5A0006B0EC /* AppUILayerStyleServiceType.swift */; };
		715F7D5829F7A5AF0006B0EC /* AppUILayerStyleService.swift in Sources */ = {isa = PBXBuildFile; fileRef = 715F7D5729F7A5AF0006B0EC /* AppUILayerStyleService.swift */; };
		715F7D5B29F7A85C0006B0EC /* AppUILayerDeviceService.swift in Sources */ = {isa = PBXBuildFile; fileRef = 715F7D5A29F7A85C0006B0EC /* AppUILayerDeviceService.swift */; };
		715F7D5D29F7A88B0006B0EC /* AppUILayerDeviceServiceType.swift in Sources */ = {isa = PBXBuildFile; fileRef = 715F7D5C29F7A88B0006B0EC /* AppUILayerDeviceServiceType.swift */; };
		7176EA5329F77A25001C0F39 /* AppDelegate.swift in Sources */ = {isa = PBXBuildFile; fileRef = 7176EA5229F77A25001C0F39 /* AppDelegate.swift */; };
		7176EA5D29F77A25001C0F39 /* Elogion.xcdatamodeld in Sources */ = {isa = PBXBuildFile; fileRef = 7176EA5B29F77A25001C0F39 /* Elogion.xcdatamodeld */; };
		7176EA5F29F77A25001C0F39 /* Assets.xcassets in Resources */ = {isa = PBXBuildFile; fileRef = 7176EA5E29F77A25001C0F39 /* Assets.xcassets */; };
		7176EA6229F77A25001C0F39 /* LaunchScreen.storyboard in Resources */ = {isa = PBXBuildFile; fileRef = 7176EA6029F77A25001C0F39 /* LaunchScreen.storyboard */; };
/* End PBXBuildFile section */

/* Begin PBXFileReference section */
		711F7F6B29F7D0420015A16C /* TabBarRouter.swift */ = {isa = PBXFileReference; lastKnownFileType = sourcecode.swift; path = TabBarRouter.swift; sourceTree = "<group>"; };
		711F7F8A29F7E5800015A16C /* PlaceholderSceneToDeletePresenter.swift */ = {isa = PBXFileReference; lastKnownFileType = sourcecode.swift; path = PlaceholderSceneToDeletePresenter.swift; sourceTree = "<group>"; };
		711F7F8B29F7E5800015A16C /* PlaceholderSceneToDeleteRouterContract.swift */ = {isa = PBXFileReference; lastKnownFileType = sourcecode.swift; path = PlaceholderSceneToDeleteRouterContract.swift; sourceTree = "<group>"; };
		711F7F8C29F7E5800015A16C /* PlaceholderSceneToDeleteRouter.swift */ = {isa = PBXFileReference; lastKnownFileType = sourcecode.swift; path = PlaceholderSceneToDeleteRouter.swift; sourceTree = "<group>"; };
		711F7F8D29F7E5800015A16C /* PlaceholderSceneToDeleteViewController.swift */ = {isa = PBXFileReference; lastKnownFileType = sourcecode.swift; path = PlaceholderSceneToDeleteViewController.swift; sourceTree = "<group>"; };
		711F7F8E29F7E5800015A16C /* PlaceholderSceneToDeleteInteractor.swift */ = {isa = PBXFileReference; lastKnownFileType = sourcecode.swift; path = PlaceholderSceneToDeleteInteractor.swift; sourceTree = "<group>"; };
		711F7F8F29F7E5800015A16C /* PlaceholderSceneToDeleteInteractorService.swift */ = {isa = PBXFileReference; lastKnownFileType = sourcecode.swift; path = PlaceholderSceneToDeleteInteractorService.swift; sourceTree = "<group>"; };
		711F7F9029F7E5800015A16C /* PlaceholderSceneToDeleteInteractorContract.swift */ = {isa = PBXFileReference; lastKnownFileType = sourcecode.swift; path = PlaceholderSceneToDeleteInteractorContract.swift; sourceTree = "<group>"; };
		711F7F9129F7E5800015A16C /* PlaceholderSceneToDeleteViewModel.swift */ = {isa = PBXFileReference; lastKnownFileType = sourcecode.swift; path = PlaceholderSceneToDeleteViewModel.swift; sourceTree = "<group>"; };
		711F7F9229F7E5800015A16C /* PlaceholderSceneToDeleteViewController.xib */ = {isa = PBXFileReference; lastKnownFileType = file.xib; path = PlaceholderSceneToDeleteViewController.xib; sourceTree = "<group>"; };
		711F7F9329F7E5800015A16C /* PlaceholderSceneToDeleteViewControllerContract.swift */ = {isa = PBXFileReference; lastKnownFileType = sourcecode.swift; path = PlaceholderSceneToDeleteViewControllerContract.swift; sourceTree = "<group>"; };
		711F7F9429F7E5800015A16C /* PlaceholderSceneToDeletePresenterContract.swift */ = {isa = PBXFileReference; lastKnownFileType = sourcecode.swift; path = PlaceholderSceneToDeletePresenterContract.swift; sourceTree = "<group>"; };
		711F7F9529F7E5800015A16C /* PlaceholderSceneToDeletePresenterService.swift */ = {isa = PBXFileReference; lastKnownFileType = sourcecode.swift; path = PlaceholderSceneToDeletePresenterService.swift; sourceTree = "<group>"; };
		711F7FA329F7E7CB0015A16C /* MainScenePresenter.swift */ = {isa = PBXFileReference; lastKnownFileType = sourcecode.swift; path = MainScenePresenter.swift; sourceTree = "<group>"; };
		711F7FA429F7E7CB0015A16C /* MainSceneRouterContract.swift */ = {isa = PBXFileReference; lastKnownFileType = sourcecode.swift; path = MainSceneRouterContract.swift; sourceTree = "<group>"; };
		711F7FA529F7E7CB0015A16C /* MainSceneRouter.swift */ = {isa = PBXFileReference; lastKnownFileType = sourcecode.swift; path = MainSceneRouter.swift; sourceTree = "<group>"; };
		711F7FA629F7E7CB0015A16C /* MainSceneViewController.swift */ = {isa = PBXFileReference; lastKnownFileType = sourcecode.swift; path = MainSceneViewController.swift; sourceTree = "<group>"; };
		711F7FA729F7E7CB0015A16C /* MainSceneInteractor.swift */ = {isa = PBXFileReference; lastKnownFileType = sourcecode.swift; path = MainSceneInteractor.swift; sourceTree = "<group>"; };
		711F7FA829F7E7CB0015A16C /* MainSceneInteractorService.swift */ = {isa = PBXFileReference; lastKnownFileType = sourcecode.swift; path = MainSceneInteractorService.swift; sourceTree = "<group>"; };
		711F7FA929F7E7CB0015A16C /* MainSceneInteractorContract.swift */ = {isa = PBXFileReference; lastKnownFileType = sourcecode.swift; path = MainSceneInteractorContract.swift; sourceTree = "<group>"; };
		711F7FAA29F7E7CB0015A16C /* MainSceneViewModel.swift */ = {isa = PBXFileReference; lastKnownFileType = sourcecode.swift; path = MainSceneViewModel.swift; sourceTree = "<group>"; };
		711F7FAB29F7E7CB0015A16C /* MainSceneViewController.xib */ = {isa = PBXFileReference; lastKnownFileType = file.xib; path = MainSceneViewController.xib; sourceTree = "<group>"; };
		711F7FAC29F7E7CB0015A16C /* MainSceneViewControllerContract.swift */ = {isa = PBXFileReference; lastKnownFileType = sourcecode.swift; path = MainSceneViewControllerContract.swift; sourceTree = "<group>"; };
		711F7FAD29F7E7CB0015A16C /* MainScenePresenterContract.swift */ = {isa = PBXFileReference; lastKnownFileType = sourcecode.swift; path = MainScenePresenterContract.swift; sourceTree = "<group>"; };
		711F7FAE29F7E7CB0015A16C /* MainScenePresenterService.swift */ = {isa = PBXFileReference; lastKnownFileType = sourcecode.swift; path = MainScenePresenterService.swift; sourceTree = "<group>"; };
		7138E5B229F8C90C000C4F3A /* CaptureViewType.swift */ = {isa = PBXFileReference; lastKnownFileType = sourcecode.swift; path = CaptureViewType.swift; sourceTree = "<group>"; };
		7138E5B429F8C929000C4F3A /* CaptureView.swift */ = {isa = PBXFileReference; lastKnownFileType = sourcecode.swift; path = CaptureView.swift; sourceTree = "<group>"; };
		7138E5B629F8C9F4000C4F3A /* CaptureViewModelType.swift */ = {isa = PBXFileReference; lastKnownFileType = sourcecode.swift; path = CaptureViewModelType.swift; sourceTree = "<group>"; };
		7138E5B829F8CA0D000C4F3A /* CaptureViewModel.swift */ = {isa = PBXFileReference; lastKnownFileType = sourcecode.swift; path = CaptureViewModel.swift; sourceTree = "<group>"; };
		7138E5BB29F8CB1F000C4F3A /* Logger.swift */ = {isa = PBXFileReference; lastKnownFileType = sourcecode.swift; path = Logger.swift; sourceTree = "<group>"; };
		7138E5BD29F8CED3000C4F3A /* AppAILayerResnet50Service.swift */ = {isa = PBXFileReference; lastKnownFileType = sourcecode.swift; path = AppAILayerResnet50Service.swift; sourceTree = "<group>"; };
		7138E5C029F8CFB5000C4F3A /* Resnet50.mlmodel */ = {isa = PBXFileReference; lastKnownFileType = file.mlmodel; path = Resnet50.mlmodel; sourceTree = "<group>"; };
		7138E5C329F8D87C000C4F3A /* ObjectPredictor.swift */ = {isa = PBXFileReference; lastKnownFileType = sourcecode.swift; path = ObjectPredictor.swift; sourceTree = "<group>"; };
		715F7D1329F77E630006B0EC /* AppRouter.swift */ = {isa = PBXFileReference; lastKnownFileType = sourcecode.swift; path = AppRouter.swift; sourceTree = "<group>"; };
		715F7D1629F77FFF0006B0EC /* BaseViewController.swift */ = {isa = PBXFileReference; lastKnownFileType = sourcecode.swift; path = BaseViewController.swift; sourceTree = "<group>"; };
		715F7D1829F781070006B0EC /* NibLoadableView.swift */ = {isa = PBXFileReference; lastKnownFileType = sourcecode.swift; path = NibLoadableView.swift; sourceTree = "<group>"; };
		715F7D1C29F781660006B0EC /* InitialScenePresenter.swift */ = {isa = PBXFileReference; lastKnownFileType = sourcecode.swift; path = InitialScenePresenter.swift; sourceTree = "<group>"; };
		715F7D1D29F781660006B0EC /* InitialSceneRouterContract.swift */ = {isa = PBXFileReference; lastKnownFileType = sourcecode.swift; path = InitialSceneRouterContract.swift; sourceTree = "<group>"; };
		715F7D1E29F781660006B0EC /* InitialSceneRouter.swift */ = {isa = PBXFileReference; lastKnownFileType = sourcecode.swift; path = InitialSceneRouter.swift; sourceTree = "<group>"; };
		715F7D1F29F781660006B0EC /* InitialSceneViewController.swift */ = {isa = PBXFileReference; lastKnownFileType = sourcecode.swift; path = InitialSceneViewController.swift; sourceTree = "<group>"; };
		715F7D2029F781660006B0EC /* InitialSceneInteractor.swift */ = {isa = PBXFileReference; lastKnownFileType = sourcecode.swift; path = InitialSceneInteractor.swift; sourceTree = "<group>"; };
		715F7D2129F781660006B0EC /* InitialSceneInteractorService.swift */ = {isa = PBXFileReference; lastKnownFileType = sourcecode.swift; path = InitialSceneInteractorService.swift; sourceTree = "<group>"; };
		715F7D2229F781660006B0EC /* InitialSceneInteractorContract.swift */ = {isa = PBXFileReference; lastKnownFileType = sourcecode.swift; path = InitialSceneInteractorContract.swift; sourceTree = "<group>"; };
		715F7D2329F781660006B0EC /* InitialSceneViewModel.swift */ = {isa = PBXFileReference; lastKnownFileType = sourcecode.swift; path = InitialSceneViewModel.swift; sourceTree = "<group>"; };
		715F7D2429F781660006B0EC /* InitialSceneViewController.xib */ = {isa = PBXFileReference; lastKnownFileType = file.xib; path = InitialSceneViewController.xib; sourceTree = "<group>"; };
		715F7D2529F781660006B0EC /* InitialSceneViewControllerContract.swift */ = {isa = PBXFileReference; lastKnownFileType = sourcecode.swift; path = InitialSceneViewControllerContract.swift; sourceTree = "<group>"; };
		715F7D2629F781660006B0EC /* InitialScenePresenterContract.swift */ = {isa = PBXFileReference; lastKnownFileType = sourcecode.swift; path = InitialScenePresenterContract.swift; sourceTree = "<group>"; };
		715F7D2729F781660006B0EC /* InitialScenePresenterService.swift */ = {isa = PBXFileReference; lastKnownFileType = sourcecode.swift; path = InitialScenePresenterService.swift; sourceTree = "<group>"; };
		715F7D3C29F782FD0006B0EC /* BlurTransitionAnimator.swift */ = {isa = PBXFileReference; lastKnownFileType = sourcecode.swift; path = BlurTransitionAnimator.swift; sourceTree = "<group>"; };
		715F7D3F29F79C5E0006B0EC /* AppCore.swift */ = {isa = PBXFileReference; lastKnownFileType = sourcecode.swift; path = AppCore.swift; sourceTree = "<group>"; };
		715F7D4129F79CE30006B0EC /* AppCoreContract.swift */ = {isa = PBXFileReference; lastKnownFileType = sourcecode.swift; path = AppCoreContract.swift; sourceTree = "<group>"; };
		715F7D4729F79DD70006B0EC /* AppDataLayer.swift */ = {isa = PBXFileReference; lastKnownFileType = sourcecode.swift; path = AppDataLayer.swift; sourceTree = "<group>"; };
		715F7D4929F79DF10006B0EC /* AppDataLayerType.swift */ = {isa = PBXFileReference; lastKnownFileType = sourcecode.swift; path = AppDataLayerType.swift; sourceTree = "<group>"; };
		715F7D4B29F79E0D0006B0EC /* AppUILayer.swift */ = {isa = PBXFileReference; lastKnownFileType = sourcecode.swift; path = AppUILayer.swift; sourceTree = "<group>"; };
		715F7D4D29F79E340006B0EC /* AppUILayerType.swift */ = {isa = PBXFileReference; lastKnownFileType = sourcecode.swift; path = AppUILayerType.swift; sourceTree = "<group>"; };
		715F7D4F29F79E5D0006B0EC /* AppAILayer.swift */ = {isa = PBXFileReference; lastKnownFileType = sourcecode.swift; path = AppAILayer.swift; sourceTree = "<group>"; };
		715F7D5129F79E710006B0EC /* AppAILayerType.swift */ = {isa = PBXFileReference; lastKnownFileType = sourcecode.swift; path = AppAILayerType.swift; sourceTree = "<group>"; };
		715F7D5529F79F5A0006B0EC /* AppUILayerStyleServiceType.swift */ = {isa = PBXFileReference; lastKnownFileType = sourcecode.swift; path = AppUILayerStyleServiceType.swift; sourceTree = "<group>"; };
		715F7D5729F7A5AF0006B0EC /* AppUILayerStyleService.swift */ = {isa = PBXFileReference; lastKnownFileType = sourcecode.swift; path = AppUILayerStyleService.swift; sourceTree = "<group>"; };
		715F7D5A29F7A85C0006B0EC /* AppUILayerDeviceService.swift */ = {isa = PBXFileReference; lastKnownFileType = sourcecode.swift; path = AppUILayerDeviceService.swift; sourceTree = "<group>"; };
		715F7D5C29F7A88B0006B0EC /* AppUILayerDeviceServiceType.swift */ = {isa = PBXFileReference; lastKnownFileType = sourcecode.swift; path = AppUILayerDeviceServiceType.swift; sourceTree = "<group>"; };
		7176EA4F29F77A24001C0F39 /* Elogion.app */ = {isa = PBXFileReference; explicitFileType = wrapper.application; includeInIndex = 0; path = Elogion.app; sourceTree = BUILT_PRODUCTS_DIR; };
		7176EA5229F77A25001C0F39 /* AppDelegate.swift */ = {isa = PBXFileReference; lastKnownFileType = sourcecode.swift; path = AppDelegate.swift; sourceTree = "<group>"; };
		7176EA5C29F77A25001C0F39 /* Elogion.xcdatamodel */ = {isa = PBXFileReference; lastKnownFileType = wrapper.xcdatamodel; path = Elogion.xcdatamodel; sourceTree = "<group>"; };
		7176EA5E29F77A25001C0F39 /* Assets.xcassets */ = {isa = PBXFileReference; lastKnownFileType = folder.assetcatalog; path = Assets.xcassets; sourceTree = "<group>"; };
		7176EA6129F77A25001C0F39 /* Base */ = {isa = PBXFileReference; lastKnownFileType = file.storyboard; name = Base; path = Base.lproj/LaunchScreen.storyboard; sourceTree = "<group>"; };
		7176EA6329F77A25001C0F39 /* Info.plist */ = {isa = PBXFileReference; lastKnownFileType = text.plist.xml; path = Info.plist; sourceTree = "<group>"; };
/* End PBXFileReference section */

/* Begin PBXFrameworksBuildPhase section */
		7176EA4C29F77A24001C0F39 /* Frameworks */ = {
			isa = PBXFrameworksBuildPhase;
			buildActionMask = 2147483647;
			files = (
			);
			runOnlyForDeploymentPostprocessing = 0;
		};
/* End PBXFrameworksBuildPhase section */

/* Begin PBXGroup section */
		711F7F6A29F7CF6A0015A16C /* TabBar */ = {
			isa = PBXGroup;
			children = (
				711F7F7029F7D2DA0015A16C /* Router */,
			);
			path = TabBar;
			sourceTree = "<group>";
		};
		711F7F7029F7D2DA0015A16C /* Router */ = {
			isa = PBXGroup;
			children = (
				711F7F6B29F7D0420015A16C /* TabBarRouter.swift */,
			);
			path = Router;
			sourceTree = "<group>";
		};
		711F7F8829F7DF7D0015A16C /* Providers */ = {
			isa = PBXGroup;
			children = (
			);
			path = Providers;
			sourceTree = "<group>";
		};
		711F7F8929F7E54C0015A16C /* PlaceholderViewToDelete */ = {
			isa = PBXGroup;
			children = (
				711F7F8A29F7E5800015A16C /* PlaceholderSceneToDeletePresenter.swift */,
				711F7F8B29F7E5800015A16C /* PlaceholderSceneToDeleteRouterContract.swift */,
				711F7F8C29F7E5800015A16C /* PlaceholderSceneToDeleteRouter.swift */,
				711F7F8D29F7E5800015A16C /* PlaceholderSceneToDeleteViewController.swift */,
				711F7F8E29F7E5800015A16C /* PlaceholderSceneToDeleteInteractor.swift */,
				711F7F8F29F7E5800015A16C /* PlaceholderSceneToDeleteInteractorService.swift */,
				711F7F9029F7E5800015A16C /* PlaceholderSceneToDeleteInteractorContract.swift */,
				711F7F9129F7E5800015A16C /* PlaceholderSceneToDeleteViewModel.swift */,
				711F7F9229F7E5800015A16C /* PlaceholderSceneToDeleteViewController.xib */,
				711F7F9329F7E5800015A16C /* PlaceholderSceneToDeleteViewControllerContract.swift */,
				711F7F9429F7E5800015A16C /* PlaceholderSceneToDeletePresenterContract.swift */,
				711F7F9529F7E5800015A16C /* PlaceholderSceneToDeletePresenterService.swift */,
			);
			path = PlaceholderViewToDelete;
			sourceTree = "<group>";
		};
		711F7FA229F7E7B80015A16C /* MainScene */ = {
			isa = PBXGroup;
			children = (
				711F7FC129F7E8290015A16C /* Router */,
				711F7FC029F7E81B0015A16C /* ViewModel */,
				711F7FBB29F7E7D40015A16C /* Interactor */,
				711F7FBE29F7E8030015A16C /* Presenter */,
				711F7FBD29F7E7F50015A16C /* View */,
			);
			path = MainScene;
			sourceTree = "<group>";
		};
		711F7FBB29F7E7D40015A16C /* Interactor */ = {
			isa = PBXGroup;
			children = (
				711F7FBC29F7E7E50015A16C /* Service */,
				711F7FA729F7E7CB0015A16C /* MainSceneInteractor.swift */,
				711F7FA929F7E7CB0015A16C /* MainSceneInteractorContract.swift */,
			);
			path = Interactor;
			sourceTree = "<group>";
		};
		711F7FBC29F7E7E50015A16C /* Service */ = {
			isa = PBXGroup;
			children = (
				711F7FA829F7E7CB0015A16C /* MainSceneInteractorService.swift */,
			);
			path = Service;
			sourceTree = "<group>";
		};
		711F7FBD29F7E7F50015A16C /* View */ = {
			isa = PBXGroup;
			children = (
				7138E5AE29F8C8DC000C4F3A /* Elements */,
				711F7FA629F7E7CB0015A16C /* MainSceneViewController.swift */,
				711F7FAB29F7E7CB0015A16C /* MainSceneViewController.xib */,
				711F7FAC29F7E7CB0015A16C /* MainSceneViewControllerContract.swift */,
			);
			path = View;
			sourceTree = "<group>";
		};
		711F7FBE29F7E8030015A16C /* Presenter */ = {
			isa = PBXGroup;
			children = (
				711F7FBF29F7E8100015A16C /* Service */,
				711F7FA329F7E7CB0015A16C /* MainScenePresenter.swift */,
				711F7FAD29F7E7CB0015A16C /* MainScenePresenterContract.swift */,
			);
			path = Presenter;
			sourceTree = "<group>";
		};
		711F7FBF29F7E8100015A16C /* Service */ = {
			isa = PBXGroup;
			children = (
				711F7FAE29F7E7CB0015A16C /* MainScenePresenterService.swift */,
			);
			path = Service;
			sourceTree = "<group>";
		};
		711F7FC029F7E81B0015A16C /* ViewModel */ = {
			isa = PBXGroup;
			children = (
				711F7FAA29F7E7CB0015A16C /* MainSceneViewModel.swift */,
			);
			path = ViewModel;
			sourceTree = "<group>";
		};
		711F7FC129F7E8290015A16C /* Router */ = {
			isa = PBXGroup;
			children = (
				711F7FA529F7E7CB0015A16C /* MainSceneRouter.swift */,
				711F7FA429F7E7CB0015A16C /* MainSceneRouterContract.swift */,
			);
			path = Router;
			sourceTree = "<group>";
		};
		711F7FC829F7FC270015A16C /* UIElements */ = {
			isa = PBXGroup;
			children = (
			);
			path = UIElements;
			sourceTree = "<group>";
		};
		7138E5AE29F8C8DC000C4F3A /* Elements */ = {
			isa = PBXGroup;
			children = (
				7138E5AF29F8C8E3000C4F3A /* CaptureView */,
			);
			path = Elements;
			sourceTree = "<group>";
		};
		7138E5AF29F8C8E3000C4F3A /* CaptureView */ = {
			isa = PBXGroup;
			children = (
				7138E5B129F8C8F2000C4F3A /* ViewModel */,
				7138E5B029F8C8EC000C4F3A /* View */,
			);
			path = CaptureView;
			sourceTree = "<group>";
		};
		7138E5B029F8C8EC000C4F3A /* View */ = {
			isa = PBXGroup;
			children = (
				7138E5B429F8C929000C4F3A /* CaptureView.swift */,
				7138E5B229F8C90C000C4F3A /* CaptureViewType.swift */,
			);
			path = View;
			sourceTree = "<group>";
		};
		7138E5B129F8C8F2000C4F3A /* ViewModel */ = {
			isa = PBXGroup;
			children = (
				7138E5B829F8CA0D000C4F3A /* CaptureViewModel.swift */,
				7138E5B629F8C9F4000C4F3A /* CaptureViewModelType.swift */,
			);
			path = ViewModel;
			sourceTree = "<group>";
		};
		7138E5BA29F8CAFF000C4F3A /* Utilities */ = {
			isa = PBXGroup;
			children = (
				7138E5BB29F8CB1F000C4F3A /* Logger.swift */,
			);
			path = Utilities;
			sourceTree = "<group>";
		};
		7138E5BF29F8CEDA000C4F3A /* Resnet50Service */ = {
			isa = PBXGroup;
			children = (
				7138E5BD29F8CED3000C4F3A /* AppAILayerResnet50Service.swift */,
			);
			path = Resnet50Service;
			sourceTree = "<group>";
		};
		7138E5C229F8D86C000C4F3A /* ObjectPredictor */ = {
			isa = PBXGroup;
			children = (
				7138E5C329F8D87C000C4F3A /* ObjectPredictor.swift */,
			);
			path = ObjectPredictor;
			sourceTree = "<group>";
		};
		715F7D1229F77E4F0006B0EC /* AppRouter */ = {
			isa = PBXGroup;
			children = (
				715F7D1329F77E630006B0EC /* AppRouter.swift */,
			);
			path = AppRouter;
			sourceTree = "<group>";
		};
		715F7D1529F77FEA0006B0EC /* Common */ = {
			isa = PBXGroup;
			children = (
				711F7FC829F7FC270015A16C /* UIElements */,
				711F7F8829F7DF7D0015A16C /* Providers */,
				715F7D3B29F782DD0006B0EC /* SceneTransitions */,
				715F7D1629F77FFF0006B0EC /* BaseViewController.swift */,
				715F7D1829F781070006B0EC /* NibLoadableView.swift */,
			);
			path = Common;
			sourceTree = "<group>";
		};
		715F7D1A29F781450006B0EC /* Modules */ = {
			isa = PBXGroup;
			children = (
				711F7F6A29F7CF6A0015A16C /* TabBar */,
				715F7D1B29F781540006B0EC /* InitialScene */,
				711F7FA229F7E7B80015A16C /* MainScene */,
				711F7F8929F7E54C0015A16C /* PlaceholderViewToDelete */,
			);
			path = Modules;
			sourceTree = "<group>";
		};
		715F7D1B29F781540006B0EC /* InitialScene */ = {
			isa = PBXGroup;
			children = (
				715F7D3829F781970006B0EC /* Router */,
				715F7D3729F7818C0006B0EC /* ViewModel */,
				715F7D3629F781850006B0EC /* Interactor */,
				715F7D3529F7817B0006B0EC /* Presenter */,
				715F7D3429F781720006B0EC /* View */,
			);
			path = InitialScene;
			sourceTree = "<group>";
		};
		715F7D3429F781720006B0EC /* View */ = {
			isa = PBXGroup;
			children = (
				715F7D1F29F781660006B0EC /* InitialSceneViewController.swift */,
				715F7D2429F781660006B0EC /* InitialSceneViewController.xib */,
				715F7D2529F781660006B0EC /* InitialSceneViewControllerContract.swift */,
			);
			path = View;
			sourceTree = "<group>";
		};
		715F7D3529F7817B0006B0EC /* Presenter */ = {
			isa = PBXGroup;
			children = (
				715F7D3929F781AA0006B0EC /* Service */,
				715F7D1C29F781660006B0EC /* InitialScenePresenter.swift */,
				715F7D2629F781660006B0EC /* InitialScenePresenterContract.swift */,
			);
			path = Presenter;
			sourceTree = "<group>";
		};
		715F7D3629F781850006B0EC /* Interactor */ = {
			isa = PBXGroup;
			children = (
				715F7D3A29F781B20006B0EC /* Service */,
				715F7D2029F781660006B0EC /* InitialSceneInteractor.swift */,
				715F7D2229F781660006B0EC /* InitialSceneInteractorContract.swift */,
			);
			path = Interactor;
			sourceTree = "<group>";
		};
		715F7D3729F7818C0006B0EC /* ViewModel */ = {
			isa = PBXGroup;
			children = (
				715F7D2329F781660006B0EC /* InitialSceneViewModel.swift */,
			);
			path = ViewModel;
			sourceTree = "<group>";
		};
		715F7D3829F781970006B0EC /* Router */ = {
			isa = PBXGroup;
			children = (
				715F7D1E29F781660006B0EC /* InitialSceneRouter.swift */,
				715F7D1D29F781660006B0EC /* InitialSceneRouterContract.swift */,
			);
			path = Router;
			sourceTree = "<group>";
		};
		715F7D3929F781AA0006B0EC /* Service */ = {
			isa = PBXGroup;
			children = (
				715F7D2729F781660006B0EC /* InitialScenePresenterService.swift */,
			);
			path = Service;
			sourceTree = "<group>";
		};
		715F7D3A29F781B20006B0EC /* Service */ = {
			isa = PBXGroup;
			children = (
				715F7D2129F781660006B0EC /* InitialSceneInteractorService.swift */,
			);
			path = Service;
			sourceTree = "<group>";
		};
		715F7D3B29F782DD0006B0EC /* SceneTransitions */ = {
			isa = PBXGroup;
			children = (
				715F7D3C29F782FD0006B0EC /* BlurTransitionAnimator.swift */,
			);
			path = SceneTransitions;
			sourceTree = "<group>";
		};
		715F7D3E29F7831E0006B0EC /* AppCore */ = {
			isa = PBXGroup;
			children = (
				715F7D4329F79D4E0006B0EC /* Layers */,
				715F7D3F29F79C5E0006B0EC /* AppCore.swift */,
				715F7D4129F79CE30006B0EC /* AppCoreContract.swift */,
			);
			path = AppCore;
			sourceTree = "<group>";
		};
		715F7D4329F79D4E0006B0EC /* Layers */ = {
			isa = PBXGroup;
			children = (
				715F7D4629F79D8B0006B0EC /* AILayer */,
				715F7D4529F79D7C0006B0EC /* UILayer */,
				715F7D4429F79D740006B0EC /* DataLayer */,
			);
			path = Layers;
			sourceTree = "<group>";
		};
		715F7D4429F79D740006B0EC /* DataLayer */ = {
			isa = PBXGroup;
			children = (
				715F7D4729F79DD70006B0EC /* AppDataLayer.swift */,
				715F7D4929F79DF10006B0EC /* AppDataLayerType.swift */,
			);
			path = DataLayer;
			sourceTree = "<group>";
		};
		715F7D4529F79D7C0006B0EC /* UILayer */ = {
			isa = PBXGroup;
			children = (
				715F7D5329F79F2C0006B0EC /* Services */,
				715F7D4B29F79E0D0006B0EC /* AppUILayer.swift */,
				715F7D4D29F79E340006B0EC /* AppUILayerType.swift */,
			);
			path = UILayer;
			sourceTree = "<group>";
		};
		715F7D4629F79D8B0006B0EC /* AILayer */ = {
			isa = PBXGroup;
			children = (
				7138E5C229F8D86C000C4F3A /* ObjectPredictor */,
				7138E5BF29F8CEDA000C4F3A /* Resnet50Service */,
				715F7D4F29F79E5D0006B0EC /* AppAILayer.swift */,
				715F7D5129F79E710006B0EC /* AppAILayerType.swift */,
			);
			path = AILayer;
			sourceTree = "<group>";
		};
		715F7D5329F79F2C0006B0EC /* Services */ = {
			isa = PBXGroup;
			children = (
				715F7D5929F7A8400006B0EC /* Device */,
				715F7D5429F79F400006B0EC /* Style */,
			);
			path = Services;
			sourceTree = "<group>";
		};
		715F7D5429F79F400006B0EC /* Style */ = {
			isa = PBXGroup;
			children = (
				715F7D5529F79F5A0006B0EC /* AppUILayerStyleServiceType.swift */,
				715F7D5729F7A5AF0006B0EC /* AppUILayerStyleService.swift */,
			);
			path = Style;
			sourceTree = "<group>";
		};
		715F7D5929F7A8400006B0EC /* Device */ = {
			isa = PBXGroup;
			children = (
				715F7D5A29F7A85C0006B0EC /* AppUILayerDeviceService.swift */,
				715F7D5C29F7A88B0006B0EC /* AppUILayerDeviceServiceType.swift */,
			);
			path = Device;
			sourceTree = "<group>";
		};
		7176EA4629F77A24001C0F39 = {
			isa = PBXGroup;
			children = (
				7176EA5129F77A24001C0F39 /* Elogion */,
				7176EA5029F77A24001C0F39 /* Products */,
			);
			sourceTree = "<group>";
		};
		7176EA5029F77A24001C0F39 /* Products */ = {
			isa = PBXGroup;
			children = (
				7176EA4F29F77A24001C0F39 /* Elogion.app */,
			);
			name = Products;
			sourceTree = "<group>";
		};
		7176EA5129F77A24001C0F39 /* Elogion */ = {
			isa = PBXGroup;
			children = (
				7176EA6929F77CE1001C0F39 /* Application */,
				715F7D1529F77FEA0006B0EC /* Common */,
				715F7D1A29F781450006B0EC /* Modules */,
				7176EA6B29F77CFB001C0F39 /* SourceFiles */,
				7176EA6E29F77D37001C0F39 /* SupportingFiles */,
				7176EA6C29F77D03001C0F39 /* LaunchScreen */,
				7176EA6D29F77D0C001C0F39 /* Storage */,
			);
			path = Elogion;
			sourceTree = "<group>";
		};
		7176EA6929F77CE1001C0F39 /* Application */ = {
			isa = PBXGroup;
			children = (
				715F7D1229F77E4F0006B0EC /* AppRouter */,
				7176EA6A29F77CE9001C0F39 /* AppDelegate */,
				715F7D3E29F7831E0006B0EC /* AppCore */,
				7138E5BA29F8CAFF000C4F3A /* Utilities */,
			);
			path = Application;
			sourceTree = "<group>";
		};
		7176EA6A29F77CE9001C0F39 /* AppDelegate */ = {
			isa = PBXGroup;
			children = (
				7176EA5229F77A25001C0F39 /* AppDelegate.swift */,
			);
			path = AppDelegate;
			sourceTree = "<group>";
		};
		7176EA6B29F77CFB001C0F39 /* SourceFiles */ = {
			isa = PBXGroup;
			children = (
				7176EA5E29F77A25001C0F39 /* Assets.xcassets */,
			);
			path = SourceFiles;
			sourceTree = "<group>";
		};
		7176EA6C29F77D03001C0F39 /* LaunchScreen */ = {
			isa = PBXGroup;
			children = (
				7176EA6029F77A25001C0F39 /* LaunchScreen.storyboard */,
			);
			path = LaunchScreen;
			sourceTree = "<group>";
		};
		7176EA6D29F77D0C001C0F39 /* Storage */ = {
			isa = PBXGroup;
			children = (
				7138E5C029F8CFB5000C4F3A /* Resnet50.mlmodel */,
				7176EA5B29F77A25001C0F39 /* Elogion.xcdatamodeld */,
			);
			path = Storage;
			sourceTree = "<group>";
		};
		7176EA6E29F77D37001C0F39 /* SupportingFiles */ = {
			isa = PBXGroup;
			children = (
				7176EA6329F77A25001C0F39 /* Info.plist */,
			);
			path = SupportingFiles;
			sourceTree = "<group>";
		};
/* End PBXGroup section */

/* Begin PBXNativeTarget section */
		7176EA4E29F77A24001C0F39 /* Elogion */ = {
			isa = PBXNativeTarget;
			buildConfigurationList = 7176EA6629F77A25001C0F39 /* Build configuration list for PBXNativeTarget "Elogion" */;
			buildPhases = (
				7176EA4B29F77A24001C0F39 /* Sources */,
				7176EA4C29F77A24001C0F39 /* Frameworks */,
				7176EA4D29F77A24001C0F39 /* Resources */,
			);
			buildRules = (
			);
			dependencies = (
			);
			name = Elogion;
			productName = Elogion;
			productReference = 7176EA4F29F77A24001C0F39 /* Elogion.app */;
			productType = "com.apple.product-type.application";
		};
/* End PBXNativeTarget section */

/* Begin PBXProject section */
		7176EA4729F77A24001C0F39 /* Project object */ = {
			isa = PBXProject;
			attributes = {
				BuildIndependentTargetsInParallel = 1;
				LastSwiftUpdateCheck = 1430;
				LastUpgradeCheck = 1430;
				TargetAttributes = {
					7176EA4E29F77A24001C0F39 = {
						CreatedOnToolsVersion = 14.3;
					};
				};
			};
			buildConfigurationList = 7176EA4A29F77A24001C0F39 /* Build configuration list for PBXProject "Elogion" */;
			compatibilityVersion = "Xcode 14.0";
			developmentRegion = en;
			hasScannedForEncodings = 0;
			knownRegions = (
				en,
				Base,
			);
			mainGroup = 7176EA4629F77A24001C0F39;
			productRefGroup = 7176EA5029F77A24001C0F39 /* Products */;
			projectDirPath = "";
			projectRoot = "";
			targets = (
				7176EA4E29F77A24001C0F39 /* Elogion */,
			);
		};
/* End PBXProject section */

/* Begin PBXResourcesBuildPhase section */
		7176EA4D29F77A24001C0F39 /* Resources */ = {
			isa = PBXResourcesBuildPhase;
			buildActionMask = 2147483647;
			files = (
				711F7FB729F7E7CB0015A16C /* MainSceneViewController.xib in Resources */,
				715F7D3029F781660006B0EC /* InitialSceneViewController.xib in Resources */,
				711F7F9E29F7E5810015A16C /* PlaceholderSceneToDeleteViewController.xib in Resources */,
				7176EA6229F77A25001C0F39 /* LaunchScreen.storyboard in Resources */,
				7176EA5F29F77A25001C0F39 /* Assets.xcassets in Resources */,
			);
			runOnlyForDeploymentPostprocessing = 0;
		};
/* End PBXResourcesBuildPhase section */

/* Begin PBXSourcesBuildPhase section */
		7176EA4B29F77A24001C0F39 /* Sources */ = {
			isa = PBXSourcesBuildPhase;
			buildActionMask = 2147483647;
			files = (
				715F7D4029F79C5E0006B0EC /* AppCore.swift in Sources */,
				715F7D2E29F781660006B0EC /* InitialSceneInteractorContract.swift in Sources */,
				715F7D5D29F7A88B0006B0EC /* AppUILayerDeviceServiceType.swift in Sources */,
				715F7D4E29F79E340006B0EC /* AppUILayerType.swift in Sources */,
				7176EA5D29F77A25001C0F39 /* Elogion.xcdatamodeld in Sources */,
				715F7D5229F79E710006B0EC /* AppAILayerType.swift in Sources */,
				715F7D3129F781660006B0EC /* InitialSceneViewControllerContract.swift in Sources */,
				7138E5C429F8D87C000C4F3A /* ObjectPredictor.swift in Sources */,
				715F7D1929F781070006B0EC /* NibLoadableView.swift in Sources */,
				715F7D3D29F782FD0006B0EC /* BlurTransitionAnimator.swift in Sources */,
				711F7FBA29F7E7CB0015A16C /* MainScenePresenterService.swift in Sources */,
				715F7D3229F781660006B0EC /* InitialScenePresenterContract.swift in Sources */,
				711F7F9A29F7E5810015A16C /* PlaceholderSceneToDeleteInteractor.swift in Sources */,
				715F7D1729F77FFF0006B0EC /* BaseViewController.swift in Sources */,
				711F7F9F29F7E5810015A16C /* PlaceholderSceneToDeleteViewControllerContract.swift in Sources */,
				711F7F9B29F7E5810015A16C /* PlaceholderSceneToDeleteInteractorService.swift in Sources */,
				711F7FB929F7E7CB0015A16C /* MainScenePresenterContract.swift in Sources */,
				715F7D3329F781660006B0EC /* InitialScenePresenterService.swift in Sources */,
				7138E5C129F8CFB5000C4F3A /* Resnet50.mlmodel in Sources */,
				715F7D4829F79DD70006B0EC /* AppDataLayer.swift in Sources */,
				7138E5B729F8C9F4000C4F3A /* CaptureViewModelType.swift in Sources */,
				7138E5BE29F8CED3000C4F3A /* AppAILayerResnet50Service.swift in Sources */,
				7138E5BC29F8CB1F000C4F3A /* Logger.swift in Sources */,
				715F7D5029F79E5D0006B0EC /* AppAILayer.swift in Sources */,
				711F7FAF29F7E7CB0015A16C /* MainScenePresenter.swift in Sources */,
				7176EA5329F77A25001C0F39 /* AppDelegate.swift in Sources */,
				711F7FB529F7E7CB0015A16C /* MainSceneInteractorContract.swift in Sources */,
				715F7D2A29F781660006B0EC /* InitialSceneRouter.swift in Sources */,
				711F7F9929F7E5800015A16C /* PlaceholderSceneToDeleteViewController.swift in Sources */,
				711F7F9729F7E5800015A16C /* PlaceholderSceneToDeleteRouterContract.swift in Sources */,
				715F7D5829F7A5AF0006B0EC /* AppUILayerStyleService.swift in Sources */,
				715F7D2D29F781660006B0EC /* InitialSceneInteractorService.swift in Sources */,
				715F7D2829F781660006B0EC /* InitialScenePresenter.swift in Sources */,
				715F7D2B29F781660006B0EC /* InitialSceneViewController.swift in Sources */,
				7138E5B529F8C929000C4F3A /* CaptureView.swift in Sources */,
				711F7F9829F7E5800015A16C /* PlaceholderSceneToDeleteRouter.swift in Sources */,
				715F7D5629F79F5A0006B0EC /* AppUILayerStyleServiceType.swift in Sources */,
				7138E5B929F8CA0D000C4F3A /* CaptureViewModel.swift in Sources */,
				715F7D4C29F79E0D0006B0EC /* AppUILayer.swift in Sources */,
				715F7D1429F77E630006B0EC /* AppRouter.swift in Sources */,
				711F7FB329F7E7CB0015A16C /* MainSceneInteractor.swift in Sources */,
				711F7FB629F7E7CB0015A16C /* MainSceneViewModel.swift in Sources */,
				7138E5B329F8C90C000C4F3A /* CaptureViewType.swift in Sources */,
				715F7D4A29F79DF10006B0EC /* AppDataLayerType.swift in Sources */,
				711F7FA029F7E5810015A16C /* PlaceholderSceneToDeletePresenterContract.swift in Sources */,
				711F7F6C29F7D0420015A16C /* TabBarRouter.swift in Sources */,
				711F7F9629F7E5800015A16C /* PlaceholderSceneToDeletePresenter.swift in Sources */,
				711F7F9D29F7E5810015A16C /* PlaceholderSceneToDeleteViewModel.swift in Sources */,
				715F7D2F29F781660006B0EC /* InitialSceneViewModel.swift in Sources */,
				715F7D4229F79CE30006B0EC /* AppCoreContract.swift in Sources */,
				711F7FB129F7E7CB0015A16C /* MainSceneRouter.swift in Sources */,
				715F7D5B29F7A85C0006B0EC /* AppUILayerDeviceService.swift in Sources */,
				711F7FB229F7E7CB0015A16C /* MainSceneViewController.swift in Sources */,
				711F7FB429F7E7CB0015A16C /* MainSceneInteractorService.swift in Sources */,
				711F7F9C29F7E5810015A16C /* PlaceholderSceneToDeleteInteractorContract.swift in Sources */,
				711F7FB829F7E7CB0015A16C /* MainSceneViewControllerContract.swift in Sources */,
				715F7D2C29F781660006B0EC /* InitialSceneInteractor.swift in Sources */,
				715F7D2929F781660006B0EC /* InitialSceneRouterContract.swift in Sources */,
				711F7FA129F7E5810015A16C /* PlaceholderSceneToDeletePresenterService.swift in Sources */,
				711F7FB029F7E7CB0015A16C /* MainSceneRouterContract.swift in Sources */,
			);
			runOnlyForDeploymentPostprocessing = 0;
		};
/* End PBXSourcesBuildPhase section */

/* Begin PBXVariantGroup section */
		7176EA6029F77A25001C0F39 /* LaunchScreen.storyboard */ = {
			isa = PBXVariantGroup;
			children = (
				7176EA6129F77A25001C0F39 /* Base */,
			);
			name = LaunchScreen.storyboard;
			sourceTree = "<group>";
		};
/* End PBXVariantGroup section */

/* Begin XCBuildConfiguration section */
		7176EA6429F77A25001C0F39 /* Debug */ = {
			isa = XCBuildConfiguration;
			buildSettings = {
				ALWAYS_SEARCH_USER_PATHS = NO;
				CLANG_ANALYZER_NONNULL = YES;
				CLANG_ANALYZER_NUMBER_OBJECT_CONVERSION = YES_AGGRESSIVE;
				CLANG_CXX_LANGUAGE_STANDARD = "gnu++20";
				CLANG_ENABLE_MODULES = YES;
				CLANG_ENABLE_OBJC_ARC = YES;
				CLANG_ENABLE_OBJC_WEAK = YES;
				CLANG_WARN_BLOCK_CAPTURE_AUTORELEASING = YES;
				CLANG_WARN_BOOL_CONVERSION = YES;
				CLANG_WARN_COMMA = YES;
				CLANG_WARN_CONSTANT_CONVERSION = YES;
				CLANG_WARN_DEPRECATED_OBJC_IMPLEMENTATIONS = YES;
				CLANG_WARN_DIRECT_OBJC_ISA_USAGE = YES_ERROR;
				CLANG_WARN_DOCUMENTATION_COMMENTS = YES;
				CLANG_WARN_EMPTY_BODY = YES;
				CLANG_WARN_ENUM_CONVERSION = YES;
				CLANG_WARN_INFINITE_RECURSION = YES;
				CLANG_WARN_INT_CONVERSION = YES;
				CLANG_WARN_NON_LITERAL_NULL_CONVERSION = YES;
				CLANG_WARN_OBJC_IMPLICIT_RETAIN_SELF = YES;
				CLANG_WARN_OBJC_LITERAL_CONVERSION = YES;
				CLANG_WARN_OBJC_ROOT_CLASS = YES_ERROR;
				CLANG_WARN_QUOTED_INCLUDE_IN_FRAMEWORK_HEADER = YES;
				CLANG_WARN_RANGE_LOOP_ANALYSIS = YES;
				CLANG_WARN_STRICT_PROTOTYPES = YES;
				CLANG_WARN_SUSPICIOUS_MOVE = YES;
				CLANG_WARN_UNGUARDED_AVAILABILITY = YES_AGGRESSIVE;
				CLANG_WARN_UNREACHABLE_CODE = YES;
				CLANG_WARN__DUPLICATE_METHOD_MATCH = YES;
				COPY_PHASE_STRIP = NO;
				DEBUG_INFORMATION_FORMAT = dwarf;
				ENABLE_STRICT_OBJC_MSGSEND = YES;
				ENABLE_TESTABILITY = YES;
				GCC_C_LANGUAGE_STANDARD = gnu11;
				GCC_DYNAMIC_NO_PIC = NO;
				GCC_NO_COMMON_BLOCKS = YES;
				GCC_OPTIMIZATION_LEVEL = 0;
				GCC_PREPROCESSOR_DEFINITIONS = (
					"DEBUG=1",
					"$(inherited)",
				);
				GCC_WARN_64_TO_32_BIT_CONVERSION = YES;
				GCC_WARN_ABOUT_RETURN_TYPE = YES_ERROR;
				GCC_WARN_UNDECLARED_SELECTOR = YES;
				GCC_WARN_UNINITIALIZED_AUTOS = YES_AGGRESSIVE;
				GCC_WARN_UNUSED_FUNCTION = YES;
				GCC_WARN_UNUSED_VARIABLE = YES;
				IPHONEOS_DEPLOYMENT_TARGET = 16.4;
				MTL_ENABLE_DEBUG_INFO = INCLUDE_SOURCE;
				MTL_FAST_MATH = YES;
				ONLY_ACTIVE_ARCH = YES;
				SDKROOT = iphoneos;
				SWIFT_ACTIVE_COMPILATION_CONDITIONS = DEBUG;
				SWIFT_OPTIMIZATION_LEVEL = "-Onone";
			};
			name = Debug;
		};
		7176EA6529F77A25001C0F39 /* Release */ = {
			isa = XCBuildConfiguration;
			buildSettings = {
				ALWAYS_SEARCH_USER_PATHS = NO;
				CLANG_ANALYZER_NONNULL = YES;
				CLANG_ANALYZER_NUMBER_OBJECT_CONVERSION = YES_AGGRESSIVE;
				CLANG_CXX_LANGUAGE_STANDARD = "gnu++20";
				CLANG_ENABLE_MODULES = YES;
				CLANG_ENABLE_OBJC_ARC = YES;
				CLANG_ENABLE_OBJC_WEAK = YES;
				CLANG_WARN_BLOCK_CAPTURE_AUTORELEASING = YES;
				CLANG_WARN_BOOL_CONVERSION = YES;
				CLANG_WARN_COMMA = YES;
				CLANG_WARN_CONSTANT_CONVERSION = YES;
				CLANG_WARN_DEPRECATED_OBJC_IMPLEMENTATIONS = YES;
				CLANG_WARN_DIRECT_OBJC_ISA_USAGE = YES_ERROR;
				CLANG_WARN_DOCUMENTATION_COMMENTS = YES;
				CLANG_WARN_EMPTY_BODY = YES;
				CLANG_WARN_ENUM_CONVERSION = YES;
				CLANG_WARN_INFINITE_RECURSION = YES;
				CLANG_WARN_INT_CONVERSION = YES;
				CLANG_WARN_NON_LITERAL_NULL_CONVERSION = YES;
				CLANG_WARN_OBJC_IMPLICIT_RETAIN_SELF = YES;
				CLANG_WARN_OBJC_LITERAL_CONVERSION = YES;
				CLANG_WARN_OBJC_ROOT_CLASS = YES_ERROR;
				CLANG_WARN_QUOTED_INCLUDE_IN_FRAMEWORK_HEADER = YES;
				CLANG_WARN_RANGE_LOOP_ANALYSIS = YES;
				CLANG_WARN_STRICT_PROTOTYPES = YES;
				CLANG_WARN_SUSPICIOUS_MOVE = YES;
				CLANG_WARN_UNGUARDED_AVAILABILITY = YES_AGGRESSIVE;
				CLANG_WARN_UNREACHABLE_CODE = YES;
				CLANG_WARN__DUPLICATE_METHOD_MATCH = YES;
				COPY_PHASE_STRIP = NO;
				DEBUG_INFORMATION_FORMAT = "dwarf-with-dsym";
				ENABLE_NS_ASSERTIONS = NO;
				ENABLE_STRICT_OBJC_MSGSEND = YES;
				GCC_C_LANGUAGE_STANDARD = gnu11;
				GCC_NO_COMMON_BLOCKS = YES;
				GCC_WARN_64_TO_32_BIT_CONVERSION = YES;
				GCC_WARN_ABOUT_RETURN_TYPE = YES_ERROR;
				GCC_WARN_UNDECLARED_SELECTOR = YES;
				GCC_WARN_UNINITIALIZED_AUTOS = YES_AGGRESSIVE;
				GCC_WARN_UNUSED_FUNCTION = YES;
				GCC_WARN_UNUSED_VARIABLE = YES;
				IPHONEOS_DEPLOYMENT_TARGET = 16.4;
				MTL_ENABLE_DEBUG_INFO = NO;
				MTL_FAST_MATH = YES;
				SDKROOT = iphoneos;
				SWIFT_COMPILATION_MODE = wholemodule;
				SWIFT_OPTIMIZATION_LEVEL = "-O";
				VALIDATE_PRODUCT = YES;
			};
			name = Release;
		};
		7176EA6729F77A25001C0F39 /* Debug */ = {
			isa = XCBuildConfiguration;
			buildSettings = {
				ASSETCATALOG_COMPILER_APPICON_NAME = AppIcon;
				ASSETCATALOG_COMPILER_GLOBAL_ACCENT_COLOR_NAME = AccentColor;
				CODE_SIGN_STYLE = Automatic;
				CURRENT_PROJECT_VERSION = 1;
				DEVELOPMENT_TEAM = 54L37Y4QC4;
				GENERATE_INFOPLIST_FILE = YES;
				INFOPLIST_FILE = Elogion/SupportingFiles/Info.plist;
				INFOPLIST_KEY_CFBundleDisplayName = Elogion;
				INFOPLIST_KEY_LSApplicationCategoryType = "public.app-category.healthcare-fitness";
				INFOPLIST_KEY_UIApplicationSupportsIndirectInputEvents = YES;
				INFOPLIST_KEY_UILaunchStoryboardName = LaunchScreen;
				INFOPLIST_KEY_UISupportedInterfaceOrientations = "UIInterfaceOrientationPortrait UIInterfaceOrientationPortraitUpsideDown";
				IPHONEOS_DEPLOYMENT_TARGET = 15.0;
				LD_RUNPATH_SEARCH_PATHS = (
					"$(inherited)",
					"@executable_path/Frameworks",
				);
				MARKETING_VERSION = 1.0;
				PRODUCT_BUNDLE_IDENTIFIER = com.yarizzer.Elogion;
				PRODUCT_NAME = "$(TARGET_NAME)";
				SUPPORTED_PLATFORMS = "iphoneos iphonesimulator";
				SUPPORTS_MACCATALYST = NO;
				SUPPORTS_MAC_DESIGNED_FOR_IPHONE_IPAD = NO;
				SWIFT_EMIT_LOC_STRINGS = YES;
				SWIFT_VERSION = 5.0;
				TARGETED_DEVICE_FAMILY = "1,2";
			};
			name = Debug;
		};
		7176EA6829F77A25001C0F39 /* Release */ = {
			isa = XCBuildConfiguration;
			buildSettings = {
				ASSETCATALOG_COMPILER_APPICON_NAME = AppIcon;
				ASSETCATALOG_COMPILER_GLOBAL_ACCENT_COLOR_NAME = AccentColor;
				CODE_SIGN_STYLE = Automatic;
				CURRENT_PROJECT_VERSION = 1;
				DEVELOPMENT_TEAM = 54L37Y4QC4;
				GENERATE_INFOPLIST_FILE = YES;
				INFOPLIST_FILE = Elogion/SupportingFiles/Info.plist;
				INFOPLIST_KEY_CFBundleDisplayName = Elogion;
				INFOPLIST_KEY_LSApplicationCategoryType = "public.app-category.healthcare-fitness";
				INFOPLIST_KEY_UIApplicationSupportsIndirectInputEvents = YES;
				INFOPLIST_KEY_UILaunchStoryboardName = LaunchScreen;
				INFOPLIST_KEY_UISupportedInterfaceOrientations = "UIInterfaceOrientationPortrait UIInterfaceOrientationPortraitUpsideDown";
				IPHONEOS_DEPLOYMENT_TARGET = 15.0;
				LD_RUNPATH_SEARCH_PATHS = (
					"$(inherited)",
					"@executable_path/Frameworks",
				);
				MARKETING_VERSION = 1.0;
				PRODUCT_BUNDLE_IDENTIFIER = com.yarizzer.Elogion;
				PRODUCT_NAME = "$(TARGET_NAME)";
				SUPPORTED_PLATFORMS = "iphoneos iphonesimulator";
				SUPPORTS_MACCATALYST = NO;
				SUPPORTS_MAC_DESIGNED_FOR_IPHONE_IPAD = NO;
				SWIFT_EMIT_LOC_STRINGS = YES;
				SWIFT_VERSION = 5.0;
				TARGETED_DEVICE_FAMILY = "1,2";
			};
			name = Release;
		};
/* End XCBuildConfiguration section */

/* Begin XCConfigurationList section */
		7176EA4A29F77A24001C0F39 /* Build configuration list for PBXProject "Elogion" */ = {
			isa = XCConfigurationList;
			buildConfigurations = (
				7176EA6429F77A25001C0F39 /* Debug */,
				7176EA6529F77A25001C0F39 /* Release */,
			);
			defaultConfigurationIsVisible = 0;
			defaultConfigurationName = Release;
		};
		7176EA6629F77A25001C0F39 /* Build configuration list for PBXNativeTarget "Elogion" */ = {
			isa = XCConfigurationList;
			buildConfigurations = (
				7176EA6729F77A25001C0F39 /* Debug */,
				7176EA6829F77A25001C0F39 /* Release */,
			);
			defaultConfigurationIsVisible = 0;
			defaultConfigurationName = Release;
		};
/* End XCConfigurationList section */

/* Begin XCVersionGroup section */
		7176EA5B29F77A25001C0F39 /* Elogion.xcdatamodeld */ = {
			isa = XCVersionGroup;
			children = (
				7176EA5C29F77A25001C0F39 /* Elogion.xcdatamodel */,
			);
			currentVersion = 7176EA5C29F77A25001C0F39 /* Elogion.xcdatamodel */;
			path = Elogion.xcdatamodeld;
			sourceTree = "<group>";
			versionGroupType = wrapper.xcdatamodel;
		};
/* End XCVersionGroup section */
	};
	rootObject = 7176EA4729F77A24001C0F39 /* Project object */;
}
