// !$*UTF8*$!
{
	archiveVersion = 1;
	classes = {
	};
	objectVersion = 56;
	objects = {

/* Begin PBXBuildFile section */
		715F7D1429F77E630006B0EC /* AppRouter.swift in Sources */ = {isa = PBXBuildFile; fileRef = 715F7D1329F77E630006B0EC /* AppRouter.swift */; };
		715F7D1729F77FFF0006B0EC /* BaseViewController.swift in Sources */ = {isa = PBXBuildFile; fileRef = 715F7D1629F77FFF0006B0EC /* BaseViewController.swift */; };
		715F7D1929F781070006B0EC /* NibLoadableView.swift in Sources */ = {isa = PBXBuildFile; fileRef = 715F7D1829F781070006B0EC /* NibLoadableView.swift */; };
		715F7D2829F781660006B0EC /* InitialScenePresenter.swift in Sources */ = {isa = PBXBuildFile; fileRef = 715F7D1C29F781660006B0EC /* InitialScenePresenter.swift */; };
		715F7D2929F781660006B0EC /* InitialSceneRouterContract.swift in Sources */ = {isa = PBXBuildFile; fileRef = 715F7D1D29F781660006B0EC /* InitialSceneRouterContract.swift */; };
		715F7D2A29F781660006B0EC /* InitialSceneRouter.swift in Sources */ = {isa = PBXBuildFile; fileRef = 715F7D1E29F781660006B0EC /* InitialSceneRouter.swift */; };
		715F7D2B29F781660006B0EC /* InitialSceneViewController.swift in Sources */ = {isa = PBXBuildFile; fileRef = 715F7D1F29F781660006B0EC /* InitialSceneViewController.swift */; };
		715F7D2C29F781660006B0EC /* InitialSceneInteractor.swift in Sources */ = {isa = PBXBuildFile; fileRef = 715F7D2029F781660006B0EC /* InitialSceneInteractor.swift */; };
		715F7D2D29F781660006B0EC /* InitialSceneInteractorService.swift in Sources */ = {isa = PBXBuildFile; fileRef = 715F7D2129F781660006B0EC /* InitialSceneInteractorService.swift */; };
		715F7D2E29F781660006B0EC /* InitialSceneInteractorContract.swift in Sources */ = {isa = PBXBuildFile; fileRef = 715F7D2229F781660006B0EC /* InitialSceneInteractorContract.swift */; };
		715F7D2F29F781660006B0EC /* InitialSceneViewModel.swift in Sources */ = {isa = PBXBuildFile; fileRef = 715F7D2329F781660006B0EC /* InitialSceneViewModel.swift */; };
		715F7D3029F781660006B0EC /* InitialSceneViewController.xib in Resources */ = {isa = PBXBuildFile; fileRef = 715F7D2429F781660006B0EC /* InitialSceneViewController.xib */; };
		715F7D3129F781660006B0EC /* InitialSceneViewControllerContract.swift in Sources */ = {isa = PBXBuildFile; fileRef = 715F7D2529F781660006B0EC /* InitialSceneViewControllerContract.swift */; };
		715F7D3229F781660006B0EC /* InitialScenePresenterContract.swift in Sources */ = {isa = PBXBuildFile; fileRef = 715F7D2629F781660006B0EC /* InitialScenePresenterContract.swift */; };
		715F7D3329F781660006B0EC /* InitialScenePresenterService.swift in Sources */ = {isa = PBXBuildFile; fileRef = 715F7D2729F781660006B0EC /* InitialScenePresenterService.swift */; };
		7176EA5329F77A25001C0F39 /* AppDelegate.swift in Sources */ = {isa = PBXBuildFile; fileRef = 7176EA5229F77A25001C0F39 /* AppDelegate.swift */; };
		7176EA5D29F77A25001C0F39 /* Elogion.xcdatamodeld in Sources */ = {isa = PBXBuildFile; fileRef = 7176EA5B29F77A25001C0F39 /* Elogion.xcdatamodeld */; };
		7176EA5F29F77A25001C0F39 /* Assets.xcassets in Resources */ = {isa = PBXBuildFile; fileRef = 7176EA5E29F77A25001C0F39 /* Assets.xcassets */; };
		7176EA6229F77A25001C0F39 /* LaunchScreen.storyboard in Resources */ = {isa = PBXBuildFile; fileRef = 7176EA6029F77A25001C0F39 /* LaunchScreen.storyboard */; };
/* End PBXBuildFile section */

/* Begin PBXFileReference section */
		715F7D1329F77E630006B0EC /* AppRouter.swift */ = {isa = PBXFileReference; lastKnownFileType = sourcecode.swift; path = AppRouter.swift; sourceTree = "<group>"; };
		715F7D1629F77FFF0006B0EC /* BaseViewController.swift */ = {isa = PBXFileReference; lastKnownFileType = sourcecode.swift; path = BaseViewController.swift; sourceTree = "<group>"; };
		715F7D1829F781070006B0EC /* NibLoadableView.swift */ = {isa = PBXFileReference; lastKnownFileType = sourcecode.swift; path = NibLoadableView.swift; sourceTree = "<group>"; };
		715F7D1C29F781660006B0EC /* InitialScenePresenter.swift */ = {isa = PBXFileReference; lastKnownFileType = sourcecode.swift; path = InitialScenePresenter.swift; sourceTree = "<group>"; };
		715F7D1D29F781660006B0EC /* InitialSceneRouterContract.swift */ = {isa = PBXFileReference; lastKnownFileType = sourcecode.swift; path = InitialSceneRouterContract.swift; sourceTree = "<group>"; };
		715F7D1E29F781660006B0EC /* InitialSceneRouter.swift */ = {isa = PBXFileReference; lastKnownFileType = sourcecode.swift; path = InitialSceneRouter.swift; sourceTree = "<group>"; };
		715F7D1F29F781660006B0EC /* InitialSceneViewController.swift */ = {isa = PBXFileReference; lastKnownFileType = sourcecode.swift; path = InitialSceneViewController.swift; sourceTree = "<group>"; };
		715F7D2029F781660006B0EC /* InitialSceneInteractor.swift */ = {isa = PBXFileReference; lastKnownFileType = sourcecode.swift; path = InitialSceneInteractor.swift; sourceTree = "<group>"; };
		715F7D2129F781660006B0EC /* InitialSceneInteractorService.swift */ = {isa = PBXFileReference; lastKnownFileType = sourcecode.swift; path = InitialSceneInteractorService.swift; sourceTree = "<group>"; };
		715F7D2229F781660006B0EC /* InitialSceneInteractorContract.swift */ = {isa = PBXFileReference; lastKnownFileType = sourcecode.swift; path = InitialSceneInteractorContract.swift; sourceTree = "<group>"; };
		715F7D2329F781660006B0EC /* InitialSceneViewModel.swift */ = {isa = PBXFileReference; lastKnownFileType = sourcecode.swift; path = InitialSceneViewModel.swift; sourceTree = "<group>"; };
		715F7D2429F781660006B0EC /* InitialSceneViewController.xib */ = {isa = PBXFileReference; lastKnownFileType = file.xib; path = InitialSceneViewController.xib; sourceTree = "<group>"; };
		715F7D2529F781660006B0EC /* InitialSceneViewControllerContract.swift */ = {isa = PBXFileReference; lastKnownFileType = sourcecode.swift; path = InitialSceneViewControllerContract.swift; sourceTree = "<group>"; };
		715F7D2629F781660006B0EC /* InitialScenePresenterContract.swift */ = {isa = PBXFileReference; lastKnownFileType = sourcecode.swift; path = InitialScenePresenterContract.swift; sourceTree = "<group>"; };
		715F7D2729F781660006B0EC /* InitialScenePresenterService.swift */ = {isa = PBXFileReference; lastKnownFileType = sourcecode.swift; path = InitialScenePresenterService.swift; sourceTree = "<group>"; };
		7176EA4F29F77A24001C0F39 /* Elogion.app */ = {isa = PBXFileReference; explicitFileType = wrapper.application; includeInIndex = 0; path = Elogion.app; sourceTree = BUILT_PRODUCTS_DIR; };
		7176EA5229F77A25001C0F39 /* AppDelegate.swift */ = {isa = PBXFileReference; lastKnownFileType = sourcecode.swift; path = AppDelegate.swift; sourceTree = "<group>"; };
		7176EA5C29F77A25001C0F39 /* Elogion.xcdatamodel */ = {isa = PBXFileReference; lastKnownFileType = wrapper.xcdatamodel; path = Elogion.xcdatamodel; sourceTree = "<group>"; };
		7176EA5E29F77A25001C0F39 /* Assets.xcassets */ = {isa = PBXFileReference; lastKnownFileType = folder.assetcatalog; path = Assets.xcassets; sourceTree = "<group>"; };
		7176EA6129F77A25001C0F39 /* Base */ = {isa = PBXFileReference; lastKnownFileType = file.storyboard; name = Base; path = Base.lproj/LaunchScreen.storyboard; sourceTree = "<group>"; };
		7176EA6329F77A25001C0F39 /* Info.plist */ = {isa = PBXFileReference; lastKnownFileType = text.plist.xml; path = Info.plist; sourceTree = "<group>"; };
/* End PBXFileReference section */

/* Begin PBXFrameworksBuildPhase section */
		7176EA4C29F77A24001C0F39 /* Frameworks */ = {
			isa = PBXFrameworksBuildPhase;
			buildActionMask = 2147483647;
			files = (
			);
			runOnlyForDeploymentPostprocessing = 0;
		};
/* End PBXFrameworksBuildPhase section */

/* Begin PBXGroup section */
		715F7D1229F77E4F0006B0EC /* AppRouter */ = {
			isa = PBXGroup;
			children = (
				715F7D1329F77E630006B0EC /* AppRouter.swift */,
			);
			path = AppRouter;
			sourceTree = "<group>";
		};
		715F7D1529F77FEA0006B0EC /* Common */ = {
			isa = PBXGroup;
			children = (
				715F7D1629F77FFF0006B0EC /* BaseViewController.swift */,
				715F7D1829F781070006B0EC /* NibLoadableView.swift */,
			);
			path = Common;
			sourceTree = "<group>";
		};
		715F7D1A29F781450006B0EC /* Modules */ = {
			isa = PBXGroup;
			children = (
				715F7D1B29F781540006B0EC /* InitialScene */,
			);
			path = Modules;
			sourceTree = "<group>";
		};
		715F7D1B29F781540006B0EC /* InitialScene */ = {
			isa = PBXGroup;
			children = (
				715F7D3829F781970006B0EC /* Router */,
				715F7D3729F7818C0006B0EC /* ViewModel */,
				715F7D3629F781850006B0EC /* Interactor */,
				715F7D3529F7817B0006B0EC /* Presenter */,
				715F7D3429F781720006B0EC /* View */,
			);
			path = InitialScene;
			sourceTree = "<group>";
		};
		715F7D3429F781720006B0EC /* View */ = {
			isa = PBXGroup;
			children = (
				715F7D1F29F781660006B0EC /* InitialSceneViewController.swift */,
				715F7D2429F781660006B0EC /* InitialSceneViewController.xib */,
				715F7D2529F781660006B0EC /* InitialSceneViewControllerContract.swift */,
			);
			path = View;
			sourceTree = "<group>";
		};
		715F7D3529F7817B0006B0EC /* Presenter */ = {
			isa = PBXGroup;
			children = (
				715F7D3929F781AA0006B0EC /* Service */,
				715F7D1C29F781660006B0EC /* InitialScenePresenter.swift */,
				715F7D2629F781660006B0EC /* InitialScenePresenterContract.swift */,
			);
			path = Presenter;
			sourceTree = "<group>";
		};
		715F7D3629F781850006B0EC /* Interactor */ = {
			isa = PBXGroup;
			children = (
				715F7D3A29F781B20006B0EC /* Service */,
				715F7D2029F781660006B0EC /* InitialSceneInteractor.swift */,
				715F7D2229F781660006B0EC /* InitialSceneInteractorContract.swift */,
			);
			path = Interactor;
			sourceTree = "<group>";
		};
		715F7D3729F7818C0006B0EC /* ViewModel */ = {
			isa = PBXGroup;
			children = (
				715F7D2329F781660006B0EC /* InitialSceneViewModel.swift */,
			);
			path = ViewModel;
			sourceTree = "<group>";
		};
		715F7D3829F781970006B0EC /* Router */ = {
			isa = PBXGroup;
			children = (
				715F7D1E29F781660006B0EC /* InitialSceneRouter.swift */,
				715F7D1D29F781660006B0EC /* InitialSceneRouterContract.swift */,
			);
			path = Router;
			sourceTree = "<group>";
		};
		715F7D3929F781AA0006B0EC /* Service */ = {
			isa = PBXGroup;
			children = (
				715F7D2729F781660006B0EC /* InitialScenePresenterService.swift */,
			);
			path = Service;
			sourceTree = "<group>";
		};
		715F7D3A29F781B20006B0EC /* Service */ = {
			isa = PBXGroup;
			children = (
				715F7D2129F781660006B0EC /* InitialSceneInteractorService.swift */,
			);
			path = Service;
			sourceTree = "<group>";
		};
		7176EA4629F77A24001C0F39 = {
			isa = PBXGroup;
			children = (
				7176EA5129F77A24001C0F39 /* Elogion */,
				7176EA5029F77A24001C0F39 /* Products */,
			);
			sourceTree = "<group>";
		};
		7176EA5029F77A24001C0F39 /* Products */ = {
			isa = PBXGroup;
			children = (
				7176EA4F29F77A24001C0F39 /* Elogion.app */,
			);
			name = Products;
			sourceTree = "<group>";
		};
		7176EA5129F77A24001C0F39 /* Elogion */ = {
			isa = PBXGroup;
			children = (
				7176EA6929F77CE1001C0F39 /* Application */,
				715F7D1529F77FEA0006B0EC /* Common */,
				715F7D1A29F781450006B0EC /* Modules */,
				7176EA6B29F77CFB001C0F39 /* SourceFiles */,
				7176EA6E29F77D37001C0F39 /* SupportingFiles */,
				7176EA6C29F77D03001C0F39 /* LaunchScreen */,
				7176EA6D29F77D0C001C0F39 /* Storage */,
			);
			path = Elogion;
			sourceTree = "<group>";
		};
		7176EA6929F77CE1001C0F39 /* Application */ = {
			isa = PBXGroup;
			children = (
				715F7D1229F77E4F0006B0EC /* AppRouter */,
				7176EA6A29F77CE9001C0F39 /* AppDelegate */,
			);
			path = Application;
			sourceTree = "<group>";
		};
		7176EA6A29F77CE9001C0F39 /* AppDelegate */ = {
			isa = PBXGroup;
			children = (
				7176EA5229F77A25001C0F39 /* AppDelegate.swift */,
			);
			path = AppDelegate;
			sourceTree = "<group>";
		};
		7176EA6B29F77CFB001C0F39 /* SourceFiles */ = {
			isa = PBXGroup;
			children = (
				7176EA5E29F77A25001C0F39 /* Assets.xcassets */,
			);
			path = SourceFiles;
			sourceTree = "<group>";
		};
		7176EA6C29F77D03001C0F39 /* LaunchScreen */ = {
			isa = PBXGroup;
			children = (
				7176EA6029F77A25001C0F39 /* LaunchScreen.storyboard */,
			);
			path = LaunchScreen;
			sourceTree = "<group>";
		};
		7176EA6D29F77D0C001C0F39 /* Storage */ = {
			isa = PBXGroup;
			children = (
				7176EA5B29F77A25001C0F39 /* Elogion.xcdatamodeld */,
			);
			path = Storage;
			sourceTree = "<group>";
		};
		7176EA6E29F77D37001C0F39 /* SupportingFiles */ = {
			isa = PBXGroup;
			children = (
				7176EA6329F77A25001C0F39 /* Info.plist */,
			);
			path = SupportingFiles;
			sourceTree = "<group>";
		};
/* End PBXGroup section */

/* Begin PBXNativeTarget section */
		7176EA4E29F77A24001C0F39 /* Elogion */ = {
			isa = PBXNativeTarget;
			buildConfigurationList = 7176EA6629F77A25001C0F39 /* Build configuration list for PBXNativeTarget "Elogion" */;
			buildPhases = (
				7176EA4B29F77A24001C0F39 /* Sources */,
				7176EA4C29F77A24001C0F39 /* Frameworks */,
				7176EA4D29F77A24001C0F39 /* Resources */,
			);
			buildRules = (
			);
			dependencies = (
			);
			name = Elogion;
			productName = Elogion;
			productReference = 7176EA4F29F77A24001C0F39 /* Elogion.app */;
			productType = "com.apple.product-type.application";
		};
/* End PBXNativeTarget section */

/* Begin PBXProject section */
		7176EA4729F77A24001C0F39 /* Project object */ = {
			isa = PBXProject;
			attributes = {
				BuildIndependentTargetsInParallel = 1;
				LastSwiftUpdateCheck = 1430;
				LastUpgradeCheck = 1430;
				TargetAttributes = {
					7176EA4E29F77A24001C0F39 = {
						CreatedOnToolsVersion = 14.3;
					};
				};
			};
			buildConfigurationList = 7176EA4A29F77A24001C0F39 /* Build configuration list for PBXProject "Elogion" */;
			compatibilityVersion = "Xcode 14.0";
			developmentRegion = en;
			hasScannedForEncodings = 0;
			knownRegions = (
				en,
				Base,
			);
			mainGroup = 7176EA4629F77A24001C0F39;
			productRefGroup = 7176EA5029F77A24001C0F39 /* Products */;
			projectDirPath = "";
			projectRoot = "";
			targets = (
				7176EA4E29F77A24001C0F39 /* Elogion */,
			);
		};
/* End PBXProject section */

/* Begin PBXResourcesBuildPhase section */
		7176EA4D29F77A24001C0F39 /* Resources */ = {
			isa = PBXResourcesBuildPhase;
			buildActionMask = 2147483647;
			files = (
				715F7D3029F781660006B0EC /* InitialSceneViewController.xib in Resources */,
				7176EA6229F77A25001C0F39 /* LaunchScreen.storyboard in Resources */,
				7176EA5F29F77A25001C0F39 /* Assets.xcassets in Resources */,
			);
			runOnlyForDeploymentPostprocessing = 0;
		};
/* End PBXResourcesBuildPhase section */

/* Begin PBXSourcesBuildPhase section */
		7176EA4B29F77A24001C0F39 /* Sources */ = {
			isa = PBXSourcesBuildPhase;
			buildActionMask = 2147483647;
			files = (
				715F7D2E29F781660006B0EC /* InitialSceneInteractorContract.swift in Sources */,
				7176EA5D29F77A25001C0F39 /* Elogion.xcdatamodeld in Sources */,
				715F7D3129F781660006B0EC /* InitialSceneViewControllerContract.swift in Sources */,
				715F7D1929F781070006B0EC /* NibLoadableView.swift in Sources */,
				715F7D3229F781660006B0EC /* InitialScenePresenterContract.swift in Sources */,
				715F7D1729F77FFF0006B0EC /* BaseViewController.swift in Sources */,
				715F7D3329F781660006B0EC /* InitialScenePresenterService.swift in Sources */,
				7176EA5329F77A25001C0F39 /* AppDelegate.swift in Sources */,
				715F7D2A29F781660006B0EC /* InitialSceneRouter.swift in Sources */,
				715F7D2D29F781660006B0EC /* InitialSceneInteractorService.swift in Sources */,
				715F7D2829F781660006B0EC /* InitialScenePresenter.swift in Sources */,
				715F7D2B29F781660006B0EC /* InitialSceneViewController.swift in Sources */,
				715F7D1429F77E630006B0EC /* AppRouter.swift in Sources */,
				715F7D2F29F781660006B0EC /* InitialSceneViewModel.swift in Sources */,
				715F7D2C29F781660006B0EC /* InitialSceneInteractor.swift in Sources */,
				715F7D2929F781660006B0EC /* InitialSceneRouterContract.swift in Sources */,
			);
			runOnlyForDeploymentPostprocessing = 0;
		};
/* End PBXSourcesBuildPhase section */

/* Begin PBXVariantGroup section */
		7176EA6029F77A25001C0F39 /* LaunchScreen.storyboard */ = {
			isa = PBXVariantGroup;
			children = (
				7176EA6129F77A25001C0F39 /* Base */,
			);
			name = LaunchScreen.storyboard;
			sourceTree = "<group>";
		};
/* End PBXVariantGroup section */

/* Begin XCBuildConfiguration section */
		7176EA6429F77A25001C0F39 /* Debug */ = {
			isa = XCBuildConfiguration;
			buildSettings = {
				ALWAYS_SEARCH_USER_PATHS = NO;
				CLANG_ANALYZER_NONNULL = YES;
				CLANG_ANALYZER_NUMBER_OBJECT_CONVERSION = YES_AGGRESSIVE;
				CLANG_CXX_LANGUAGE_STANDARD = "gnu++20";
				CLANG_ENABLE_MODULES = YES;
				CLANG_ENABLE_OBJC_ARC = YES;
				CLANG_ENABLE_OBJC_WEAK = YES;
				CLANG_WARN_BLOCK_CAPTURE_AUTORELEASING = YES;
				CLANG_WARN_BOOL_CONVERSION = YES;
				CLANG_WARN_COMMA = YES;
				CLANG_WARN_CONSTANT_CONVERSION = YES;
				CLANG_WARN_DEPRECATED_OBJC_IMPLEMENTATIONS = YES;
				CLANG_WARN_DIRECT_OBJC_ISA_USAGE = YES_ERROR;
				CLANG_WARN_DOCUMENTATION_COMMENTS = YES;
				CLANG_WARN_EMPTY_BODY = YES;
				CLANG_WARN_ENUM_CONVERSION = YES;
				CLANG_WARN_INFINITE_RECURSION = YES;
				CLANG_WARN_INT_CONVERSION = YES;
				CLANG_WARN_NON_LITERAL_NULL_CONVERSION = YES;
				CLANG_WARN_OBJC_IMPLICIT_RETAIN_SELF = YES;
				CLANG_WARN_OBJC_LITERAL_CONVERSION = YES;
				CLANG_WARN_OBJC_ROOT_CLASS = YES_ERROR;
				CLANG_WARN_QUOTED_INCLUDE_IN_FRAMEWORK_HEADER = YES;
				CLANG_WARN_RANGE_LOOP_ANALYSIS = YES;
				CLANG_WARN_STRICT_PROTOTYPES = YES;
				CLANG_WARN_SUSPICIOUS_MOVE = YES;
				CLANG_WARN_UNGUARDED_AVAILABILITY = YES_AGGRESSIVE;
				CLANG_WARN_UNREACHABLE_CODE = YES;
				CLANG_WARN__DUPLICATE_METHOD_MATCH = YES;
				COPY_PHASE_STRIP = NO;
				DEBUG_INFORMATION_FORMAT = dwarf;
				ENABLE_STRICT_OBJC_MSGSEND = YES;
				ENABLE_TESTABILITY = YES;
				GCC_C_LANGUAGE_STANDARD = gnu11;
				GCC_DYNAMIC_NO_PIC = NO;
				GCC_NO_COMMON_BLOCKS = YES;
				GCC_OPTIMIZATION_LEVEL = 0;
				GCC_PREPROCESSOR_DEFINITIONS = (
					"DEBUG=1",
					"$(inherited)",
				);
				GCC_WARN_64_TO_32_BIT_CONVERSION = YES;
				GCC_WARN_ABOUT_RETURN_TYPE = YES_ERROR;
				GCC_WARN_UNDECLARED_SELECTOR = YES;
				GCC_WARN_UNINITIALIZED_AUTOS = YES_AGGRESSIVE;
				GCC_WARN_UNUSED_FUNCTION = YES;
				GCC_WARN_UNUSED_VARIABLE = YES;
				IPHONEOS_DEPLOYMENT_TARGET = 16.4;
				MTL_ENABLE_DEBUG_INFO = INCLUDE_SOURCE;
				MTL_FAST_MATH = YES;
				ONLY_ACTIVE_ARCH = YES;
				SDKROOT = iphoneos;
				SWIFT_ACTIVE_COMPILATION_CONDITIONS = DEBUG;
				SWIFT_OPTIMIZATION_LEVEL = "-Onone";
			};
			name = Debug;
		};
		7176EA6529F77A25001C0F39 /* Release */ = {
			isa = XCBuildConfiguration;
			buildSettings = {
				ALWAYS_SEARCH_USER_PATHS = NO;
				CLANG_ANALYZER_NONNULL = YES;
				CLANG_ANALYZER_NUMBER_OBJECT_CONVERSION = YES_AGGRESSIVE;
				CLANG_CXX_LANGUAGE_STANDARD = "gnu++20";
				CLANG_ENABLE_MODULES = YES;
				CLANG_ENABLE_OBJC_ARC = YES;
				CLANG_ENABLE_OBJC_WEAK = YES;
				CLANG_WARN_BLOCK_CAPTURE_AUTORELEASING = YES;
				CLANG_WARN_BOOL_CONVERSION = YES;
				CLANG_WARN_COMMA = YES;
				CLANG_WARN_CONSTANT_CONVERSION = YES;
				CLANG_WARN_DEPRECATED_OBJC_IMPLEMENTATIONS = YES;
				CLANG_WARN_DIRECT_OBJC_ISA_USAGE = YES_ERROR;
				CLANG_WARN_DOCUMENTATION_COMMENTS = YES;
				CLANG_WARN_EMPTY_BODY = YES;
				CLANG_WARN_ENUM_CONVERSION = YES;
				CLANG_WARN_INFINITE_RECURSION = YES;
				CLANG_WARN_INT_CONVERSION = YES;
				CLANG_WARN_NON_LITERAL_NULL_CONVERSION = YES;
				CLANG_WARN_OBJC_IMPLICIT_RETAIN_SELF = YES;
				CLANG_WARN_OBJC_LITERAL_CONVERSION = YES;
				CLANG_WARN_OBJC_ROOT_CLASS = YES_ERROR;
				CLANG_WARN_QUOTED_INCLUDE_IN_FRAMEWORK_HEADER = YES;
				CLANG_WARN_RANGE_LOOP_ANALYSIS = YES;
				CLANG_WARN_STRICT_PROTOTYPES = YES;
				CLANG_WARN_SUSPICIOUS_MOVE = YES;
				CLANG_WARN_UNGUARDED_AVAILABILITY = YES_AGGRESSIVE;
				CLANG_WARN_UNREACHABLE_CODE = YES;
				CLANG_WARN__DUPLICATE_METHOD_MATCH = YES;
				COPY_PHASE_STRIP = NO;
				DEBUG_INFORMATION_FORMAT = "dwarf-with-dsym";
				ENABLE_NS_ASSERTIONS = NO;
				ENABLE_STRICT_OBJC_MSGSEND = YES;
				GCC_C_LANGUAGE_STANDARD = gnu11;
				GCC_NO_COMMON_BLOCKS = YES;
				GCC_WARN_64_TO_32_BIT_CONVERSION = YES;
				GCC_WARN_ABOUT_RETURN_TYPE = YES_ERROR;
				GCC_WARN_UNDECLARED_SELECTOR = YES;
				GCC_WARN_UNINITIALIZED_AUTOS = YES_AGGRESSIVE;
				GCC_WARN_UNUSED_FUNCTION = YES;
				GCC_WARN_UNUSED_VARIABLE = YES;
				IPHONEOS_DEPLOYMENT_TARGET = 16.4;
				MTL_ENABLE_DEBUG_INFO = NO;
				MTL_FAST_MATH = YES;
				SDKROOT = iphoneos;
				SWIFT_COMPILATION_MODE = wholemodule;
				SWIFT_OPTIMIZATION_LEVEL = "-O";
				VALIDATE_PRODUCT = YES;
			};
			name = Release;
		};
		7176EA6729F77A25001C0F39 /* Debug */ = {
			isa = XCBuildConfiguration;
			buildSettings = {
				ASSETCATALOG_COMPILER_APPICON_NAME = AppIcon;
				ASSETCATALOG_COMPILER_GLOBAL_ACCENT_COLOR_NAME = AccentColor;
				CODE_SIGN_STYLE = Automatic;
				CURRENT_PROJECT_VERSION = 1;
				DEVELOPMENT_TEAM = 54L37Y4QC4;
				GENERATE_INFOPLIST_FILE = YES;
				INFOPLIST_FILE = Elogion/SupportingFiles/Info.plist;
				INFOPLIST_KEY_CFBundleDisplayName = Elogion;
				INFOPLIST_KEY_LSApplicationCategoryType = "public.app-category.healthcare-fitness";
				INFOPLIST_KEY_UIApplicationSupportsIndirectInputEvents = YES;
				INFOPLIST_KEY_UILaunchStoryboardName = LaunchScreen;
				INFOPLIST_KEY_UISupportedInterfaceOrientations = "UIInterfaceOrientationPortrait UIInterfaceOrientationPortraitUpsideDown";
				IPHONEOS_DEPLOYMENT_TARGET = 15.0;
				LD_RUNPATH_SEARCH_PATHS = (
					"$(inherited)",
					"@executable_path/Frameworks",
				);
				MARKETING_VERSION = 1.0;
				PRODUCT_BUNDLE_IDENTIFIER = com.yarizzer.Elogion;
				PRODUCT_NAME = "$(TARGET_NAME)";
				SUPPORTED_PLATFORMS = "iphoneos iphonesimulator";
				SUPPORTS_MACCATALYST = NO;
				SUPPORTS_MAC_DESIGNED_FOR_IPHONE_IPAD = NO;
				SWIFT_EMIT_LOC_STRINGS = YES;
				SWIFT_VERSION = 5.0;
				TARGETED_DEVICE_FAMILY = "1,2";
			};
			name = Debug;
		};
		7176EA6829F77A25001C0F39 /* Release */ = {
			isa = XCBuildConfiguration;
			buildSettings = {
				ASSETCATALOG_COMPILER_APPICON_NAME = AppIcon;
				ASSETCATALOG_COMPILER_GLOBAL_ACCENT_COLOR_NAME = AccentColor;
				CODE_SIGN_STYLE = Automatic;
				CURRENT_PROJECT_VERSION = 1;
				DEVELOPMENT_TEAM = 54L37Y4QC4;
				GENERATE_INFOPLIST_FILE = YES;
				INFOPLIST_FILE = Elogion/SupportingFiles/Info.plist;
				INFOPLIST_KEY_CFBundleDisplayName = Elogion;
				INFOPLIST_KEY_LSApplicationCategoryType = "public.app-category.healthcare-fitness";
				INFOPLIST_KEY_UIApplicationSupportsIndirectInputEvents = YES;
				INFOPLIST_KEY_UILaunchStoryboardName = LaunchScreen;
				INFOPLIST_KEY_UISupportedInterfaceOrientations = "UIInterfaceOrientationPortrait UIInterfaceOrientationPortraitUpsideDown";
				IPHONEOS_DEPLOYMENT_TARGET = 15.0;
				LD_RUNPATH_SEARCH_PATHS = (
					"$(inherited)",
					"@executable_path/Frameworks",
				);
				MARKETING_VERSION = 1.0;
				PRODUCT_BUNDLE_IDENTIFIER = com.yarizzer.Elogion;
				PRODUCT_NAME = "$(TARGET_NAME)";
				SUPPORTED_PLATFORMS = "iphoneos iphonesimulator";
				SUPPORTS_MACCATALYST = NO;
				SUPPORTS_MAC_DESIGNED_FOR_IPHONE_IPAD = NO;
				SWIFT_EMIT_LOC_STRINGS = YES;
				SWIFT_VERSION = 5.0;
				TARGETED_DEVICE_FAMILY = "1,2";
			};
			name = Release;
		};
/* End XCBuildConfiguration section */

/* Begin XCConfigurationList section */
		7176EA4A29F77A24001C0F39 /* Build configuration list for PBXProject "Elogion" */ = {
			isa = XCConfigurationList;
			buildConfigurations = (
				7176EA6429F77A25001C0F39 /* Debug */,
				7176EA6529F77A25001C0F39 /* Release */,
			);
			defaultConfigurationIsVisible = 0;
			defaultConfigurationName = Release;
		};
		7176EA6629F77A25001C0F39 /* Build configuration list for PBXNativeTarget "Elogion" */ = {
			isa = XCConfigurationList;
			buildConfigurations = (
				7176EA6729F77A25001C0F39 /* Debug */,
				7176EA6829F77A25001C0F39 /* Release */,
			);
			defaultConfigurationIsVisible = 0;
			defaultConfigurationName = Release;
		};
/* End XCConfigurationList section */

/* Begin XCVersionGroup section */
		7176EA5B29F77A25001C0F39 /* Elogion.xcdatamodeld */ = {
			isa = XCVersionGroup;
			children = (
				7176EA5C29F77A25001C0F39 /* Elogion.xcdatamodel */,
			);
			currentVersion = 7176EA5C29F77A25001C0F39 /* Elogion.xcdatamodel */;
			path = Elogion.xcdatamodeld;
			sourceTree = "<group>";
			versionGroupType = wrapper.xcdatamodel;
		};
/* End XCVersionGroup section */
	};
	rootObject = 7176EA4729F77A24001C0F39 /* Project object */;
}
